// !$*UTF8*$!
{
	archiveVersion = 1;
	classes = {
	};
	objectVersion = 46;
	objects = {

/* Begin PBXBuildFile section */
		3206A3DD1A7D9B6200D08893 /* item_preview_bottom.png in Resources */ = {isa = PBXBuildFile; fileRef = 3206A3DA1A7D9B6200D08893 /* item_preview_bottom.png */; };
		3206A3DF1A7D9B6200D08893 /* item_preview_top.png in Resources */ = {isa = PBXBuildFile; fileRef = 3206A3DC1A7D9B6200D08893 /* item_preview_top.png */; };
		3206A3E11A7D9D7F00D08893 /* item_preview_middle.png in Resources */ = {isa = PBXBuildFile; fileRef = 3206A3E01A7D9D7F00D08893 /* item_preview_middle.png */; };
		3206A3E41A7DA8A800D08893 /* next_button.png in Resources */ = {isa = PBXBuildFile; fileRef = 3206A3E21A7DA8A800D08893 /* next_button.png */; };
		3206A3E51A7DA8A800D08893 /* previous_button.png in Resources */ = {isa = PBXBuildFile; fileRef = 3206A3E31A7DA8A800D08893 /* previous_button.png */; };
		3206A3E71A7DA8B400D08893 /* get_button.png in Resources */ = {isa = PBXBuildFile; fileRef = 3206A3E61A7DA8B400D08893 /* get_button.png */; };
		3219AB4B1A8ECEB600FE544C /* LWFSpinningAttack.m in Sources */ = {isa = PBXBuildFile; fileRef = 3219AB4A1A8ECEB600FE544C /* LWFSpinningAttack.m */; };
		321A60601A6354DF0060517E /* door_open.png in Resources */ = {isa = PBXBuildFile; fileRef = 321A605F1A6354DF0060517E /* door_open.png */; };
		321A60631A635DA50060517E /* blood.atlas in Resources */ = {isa = PBXBuildFile; fileRef = 321A60621A635DA50060517E /* blood.atlas */; };
		321DB10B1A741FF6003354BB /* LWFItemPrototype.m in Sources */ = {isa = PBXBuildFile; fileRef = 321DB10A1A741FF6003354BB /* LWFItemPrototype.m */; };
		321DB10E1A742002003354BB /* LWFLootChance.m in Sources */ = {isa = PBXBuildFile; fileRef = 321DB10D1A742002003354BB /* LWFLootChance.m */; };
		321DB1111A74201D003354BB /* LWFItemPrototypeFactory.m in Sources */ = {isa = PBXBuildFile; fileRef = 321DB1101A74201D003354BB /* LWFItemPrototypeFactory.m */; };
		321EC9A71A26A5C400F06B77 /* LWFTurnList.m in Sources */ = {isa = PBXBuildFile; fileRef = 321EC9A61A26A5C400F06B77 /* LWFTurnList.m */; };
		322765AA1A7EF5C400C0D0DD /* inventory_icon.png in Resources */ = {isa = PBXBuildFile; fileRef = 322765A71A7EF5C400C0D0DD /* inventory_icon.png */; };
		322765AB1A7EF5C400C0D0DD /* inventory_icon@2x.png in Resources */ = {isa = PBXBuildFile; fileRef = 322765A81A7EF5C400C0D0DD /* inventory_icon@2x.png */; };
		322765AC1A7EF5C400C0D0DD /* inventory_icon@3x.png in Resources */ = {isa = PBXBuildFile; fileRef = 322765A91A7EF5C400C0D0DD /* inventory_icon@3x.png */; };
		322DB6AA1A229A0C0085AC68 /* LWFCreatureBuilder.m in Sources */ = {isa = PBXBuildFile; fileRef = 322DB6A91A229A0C0085AC68 /* LWFCreatureBuilder.m */; };
		322DB6AE1A229E320085AC68 /* LWFRat.m in Sources */ = {isa = PBXBuildFile; fileRef = 322DB6AD1A229E320085AC68 /* LWFRat.m */; };
		323335FA1AA52F730088C4F6 /* item_info.png in Resources */ = {isa = PBXBuildFile; fileRef = 323335F71AA52F730088C4F6 /* item_info.png */; };
		323335FB1AA52F730088C4F6 /* item_info@2x.png in Resources */ = {isa = PBXBuildFile; fileRef = 323335F81AA52F730088C4F6 /* item_info@2x.png */; };
		323335FC1AA52F730088C4F6 /* item_info@3x.png in Resources */ = {isa = PBXBuildFile; fileRef = 323335F91AA52F730088C4F6 /* item_info@3x.png */; };
		323D10931A9C0CB6000AB32D /* fog_overlay.png in Resources */ = {isa = PBXBuildFile; fileRef = 323D10921A9C0CB6000AB32D /* fog_overlay.png */; };
		324527831A4CEC6900AFF9A7 /* warrior_attacking_right.atlas in Resources */ = {isa = PBXBuildFile; fileRef = 324527821A4CEC6900AFF9A7 /* warrior_attacking_right.atlas */; };
		324527851A4DB5E600AFF9A7 /* warrior_walking_left.atlas in Resources */ = {isa = PBXBuildFile; fileRef = 324527841A4DB5E600AFF9A7 /* warrior_walking_left.atlas */; };
		324527871A4DB5F400AFF9A7 /* warrior_standing_left.atlas in Resources */ = {isa = PBXBuildFile; fileRef = 324527861A4DB5F400AFF9A7 /* warrior_standing_left.atlas */; };
		324527891A4DB60800AFF9A7 /* warrior_standing_right.atlas in Resources */ = {isa = PBXBuildFile; fileRef = 324527881A4DB60800AFF9A7 /* warrior_standing_right.atlas */; };
		3245278B1A4DCBFB00AFF9A7 /* warrior_attacking_left.atlas in Resources */ = {isa = PBXBuildFile; fileRef = 3245278A1A4DCBFB00AFF9A7 /* warrior_attacking_left.atlas */; };
		3245278D1A4DCC0E00AFF9A7 /* radioactive_rat_standing_left.atlas in Resources */ = {isa = PBXBuildFile; fileRef = 3245278C1A4DCC0E00AFF9A7 /* radioactive_rat_standing_left.atlas */; };
		3245278F1A4DCC1700AFF9A7 /* radioactive_rat_standing_right.atlas in Resources */ = {isa = PBXBuildFile; fileRef = 3245278E1A4DCC1700AFF9A7 /* radioactive_rat_standing_right.atlas */; };
		324527941A4DEEF100AFF9A7 /* rat_dying_right.atlas in Resources */ = {isa = PBXBuildFile; fileRef = 324527931A4DEEF100AFF9A7 /* rat_dying_right.atlas */; };
		324527981A4DF83A00AFF9A7 /* rat_dying_left.atlas in Resources */ = {isa = PBXBuildFile; fileRef = 324527971A4DF83A00AFF9A7 /* rat_dying_left.atlas */; };
		3245279A1A4EEF5500AFF9A7 /* creature_lifebar.png in Resources */ = {isa = PBXBuildFile; fileRef = 324527991A4EEF5500AFF9A7 /* creature_lifebar.png */; };
		3245279D1A4EF1DB00AFF9A7 /* LWFLifeBar.m in Sources */ = {isa = PBXBuildFile; fileRef = 3245279C1A4EF1DB00AFF9A7 /* LWFLifeBar.m */; };
		3254E6D71A5CB49400BD7D13 /* door.png in Resources */ = {isa = PBXBuildFile; fileRef = 3254E6D61A5CB49400BD7D13 /* door.png */; };
		32635D891AB5DD4D00362183 /* LWFItemComparison.m in Sources */ = {isa = PBXBuildFile; fileRef = 32635D881AB5DD4D00362183 /* LWFItemComparison.m */; };
		326524EB1A7448AB00EEA4B2 /* item_prototypes.json in Resources */ = {isa = PBXBuildFile; fileRef = 326524EA1A7448AB00EEA4B2 /* item_prototypes.json */; };
		326524EF1A75406B00EEA4B2 /* item_fine_sword.png in Resources */ = {isa = PBXBuildFile; fileRef = 326524ED1A75406B00EEA4B2 /* item_fine_sword.png */; };
		326524F31A75550600EEA4B2 /* LWFLootChanceFactory.m in Sources */ = {isa = PBXBuildFile; fileRef = 326524F21A75550600EEA4B2 /* LWFLootChanceFactory.m */; };
		326524F51A75726900EEA4B2 /* loot_chances.json in Resources */ = {isa = PBXBuildFile; fileRef = 326524F41A75726900EEA4B2 /* loot_chances.json */; };
		326524F71A75ABAF00EEA4B2 /* item_sword.png in Resources */ = {isa = PBXBuildFile; fileRef = 326524F61A75ABAF00EEA4B2 /* item_sword.png */; };
		32915F541A99619300A037F0 /* LWFShadowCasting.m in Sources */ = {isa = PBXBuildFile; fileRef = 32915F531A99619300A037F0 /* LWFShadowCasting.m */; };
		3293698B1A5058DD00ECF705 /* LWFRect.m in Sources */ = {isa = PBXBuildFile; fileRef = 3293698A1A5058DD00ECF705 /* LWFRect.m */; };
		32ACD05F1A7B062600970F69 /* item_motherfucking_sword.png in Resources */ = {isa = PBXBuildFile; fileRef = 32ACD05E1A7B062600970F69 /* item_motherfucking_sword.png */; };
		32B5AAD91A878A1B00E6523A /* warrior_standing_left.png in Resources */ = {isa = PBXBuildFile; fileRef = 32B5AAD81A878A1B00E6523A /* warrior_standing_left.png */; };
		32B5AADF1A87F66D00E6523A /* item_gold.atlas in Resources */ = {isa = PBXBuildFile; fileRef = 32B5AADE1A87F66D00E6523A /* item_gold.atlas */; };
		32B5AAE71A87FCD900E6523A /* item_gold.png in Resources */ = {isa = PBXBuildFile; fileRef = 32B5AAE61A87FCD900E6523A /* item_gold.png */; };
		32BCDF791A50455E004A2993 /* LWFDartDungeonGenerator.m in Sources */ = {isa = PBXBuildFile; fileRef = 32BCDF781A50455E004A2993 /* LWFDartDungeonGenerator.m */; };
		32BEBFB91A42476D000C77AA /* LWFGameController.m in Sources */ = {isa = PBXBuildFile; fileRef = 32BEBFB81A42476D000C77AA /* LWFGameController.m */; };
		32BEBFEF1A470AAB000C77AA /* rock_tile.png in Resources */ = {isa = PBXBuildFile; fileRef = 32BEBFEE1A470AAB000C77AA /* rock_tile.png */; };
		32BEBFF91A470B68000C77AA /* radioactive_rat_standing_left.png in Resources */ = {isa = PBXBuildFile; fileRef = 32BEBFF21A470B68000C77AA /* radioactive_rat_standing_left.png */; };
		32BEBFFD1A470B68000C77AA /* warrior_standing_right.png in Resources */ = {isa = PBXBuildFile; fileRef = 32BEBFF81A470B68000C77AA /* warrior_standing_right.png */; };
		32BEC0051A470F5F000C77AA /* warrior_walking_right.atlas in Resources */ = {isa = PBXBuildFile; fileRef = 32BEC0041A470F5F000C77AA /* warrior_walking_right.atlas */; };
		32BEC0071A470FFD000C77AA /* warrior_walking_left.atlas in Resources */ = {isa = PBXBuildFile; fileRef = 32BEC0061A470FFD000C77AA /* warrior_walking_left.atlas */; };
		32BEC00D1A4714DC000C77AA /* rat_standing_left.atlas in Resources */ = {isa = PBXBuildFile; fileRef = 32BEC0091A4714DC000C77AA /* rat_standing_left.atlas */; };
		32BEC00E1A4714DC000C77AA /* rat_standing_left.png in Resources */ = {isa = PBXBuildFile; fileRef = 32BEC00A1A4714DC000C77AA /* rat_standing_left.png */; };
		32BEC00F1A4714DC000C77AA /* rat_standing_right.atlas in Resources */ = {isa = PBXBuildFile; fileRef = 32BEC00B1A4714DC000C77AA /* rat_standing_right.atlas */; };
		32BEC0101A4714DC000C77AA /* rat_standing_right.png in Resources */ = {isa = PBXBuildFile; fileRef = 32BEC00C1A4714DC000C77AA /* rat_standing_right.png */; };
		32BEC0121A472DA8000C77AA /* radioactive_rat_standing_right.png in Resources */ = {isa = PBXBuildFile; fileRef = 32BEC0111A472DA8000C77AA /* radioactive_rat_standing_right.png */; };
		32BEC0141A48A7C4000C77AA /* creature_stats.json in Resources */ = {isa = PBXBuildFile; fileRef = 32BEC0131A48A7C3000C77AA /* creature_stats.json */; };
		32C4A58F1AA7E81B00BA5087 /* QuartzCore.framework in Frameworks */ = {isa = PBXBuildFile; fileRef = 32EDF5981A7C5FCC0007EA36 /* QuartzCore.framework */; };
		32C511F31A37A5DB00F0B955 /* LWFGeometry.m in Sources */ = {isa = PBXBuildFile; fileRef = 32C511F21A37A5DB00F0B955 /* LWFGeometry.m */; };
		32CD39D61A22CBCC000ADD95 /* LWFGoblin.m in Sources */ = {isa = PBXBuildFile; fileRef = 32CD39D51A22CBCC000ADD95 /* LWFGoblin.m */; };
		32D08C8E1AAA731900441A51 /* LWFImageViewHolder.m in Sources */ = {isa = PBXBuildFile; fileRef = 32D08C8D1AAA731900441A51 /* LWFImageViewHolder.m */; };
		32D0BE701A2D13D8000EC0E1 /* LWFAttackManager.m in Sources */ = {isa = PBXBuildFile; fileRef = 32D0BE6F1A2D13D8000EC0E1 /* LWFAttackManager.m */; };
		32D50BC41A3CFB60002D3098 /* LWFStats.m in Sources */ = {isa = PBXBuildFile; fileRef = 32D50BC31A3CFB60002D3098 /* LWFStats.m */; };
		32D50BC71A3D018D002D3098 /* LWFAttacksBuilder.m in Sources */ = {isa = PBXBuildFile; fileRef = 32D50BC61A3D018D002D3098 /* LWFAttacksBuilder.m */; };
		32D50BCD1A3D227C002D3098 /* LWFRadioactiveRat.m in Sources */ = {isa = PBXBuildFile; fileRef = 32D50BCC1A3D227C002D3098 /* LWFRadioactiveRat.m */; };
		32D50BD31A3DFDF3002D3098 /* LWFPointObject.m in Sources */ = {isa = PBXBuildFile; fileRef = 32D50BD21A3DFDF3002D3098 /* LWFPointObject.m */; };
		32DFD29F1AAFD7E400FB554B /* popup_bg.png in Resources */ = {isa = PBXBuildFile; fileRef = 32DFD29C1AAFD7E400FB554B /* popup_bg.png */; };
		32DFD2A01AAFD7E400FB554B /* popup_bg@2x.png in Resources */ = {isa = PBXBuildFile; fileRef = 32DFD29D1AAFD7E400FB554B /* popup_bg@2x.png */; };
		32DFD2A11AAFD7E400FB554B /* popup_bg@3x.png in Resources */ = {isa = PBXBuildFile; fileRef = 32DFD29E1AAFD7E400FB554B /* popup_bg@3x.png */; };
		32DFD2A81AAFD7FC00FB554B /* button_green.png in Resources */ = {isa = PBXBuildFile; fileRef = 32DFD2A21AAFD7FC00FB554B /* button_green.png */; };
		32DFD2A91AAFD7FC00FB554B /* button_green@2x.png in Resources */ = {isa = PBXBuildFile; fileRef = 32DFD2A31AAFD7FC00FB554B /* button_green@2x.png */; };
		32DFD2AA1AAFD7FC00FB554B /* button_green@3x.png in Resources */ = {isa = PBXBuildFile; fileRef = 32DFD2A41AAFD7FC00FB554B /* button_green@3x.png */; };
		32DFD2AB1AAFD7FC00FB554B /* button_red.png in Resources */ = {isa = PBXBuildFile; fileRef = 32DFD2A51AAFD7FC00FB554B /* button_red.png */; };
		32DFD2AC1AAFD7FC00FB554B /* button_red@2x.png in Resources */ = {isa = PBXBuildFile; fileRef = 32DFD2A61AAFD7FC00FB554B /* button_red@2x.png */; };
		32DFD2AD1AAFD7FC00FB554B /* button_red@3x.png in Resources */ = {isa = PBXBuildFile; fileRef = 32DFD2A71AAFD7FC00FB554B /* button_red@3x.png */; };
		32DFD2B01AB1195200FB554B /* ItemDescription.xib in Resources */ = {isa = PBXBuildFile; fileRef = 32DFD2AF1AB1195200FB554B /* ItemDescription.xib */; };
		32DFD2B31AB1196900FB554B /* LWFItemDescription.m in Sources */ = {isa = PBXBuildFile; fileRef = 32DFD2B21AB1196900FB554B /* LWFItemDescription.m */; };
		32F09E291A48C947000B8797 /* LWFCombatSystem.m in Sources */ = {isa = PBXBuildFile; fileRef = 32F09E281A48C947000B8797 /* LWFCombatSystem.m */; };
		32F09E2C1A48E6B4000B8797 /* LWFCombatOutput.m in Sources */ = {isa = PBXBuildFile; fileRef = 32F09E2B1A48E6B4000B8797 /* LWFCombatOutput.m */; };
		32F09E2F1A48EBB1000B8797 /* LWFEquips.m in Sources */ = {isa = PBXBuildFile; fileRef = 32F09E2E1A48EBB1000B8797 /* LWFEquips.m */; };
		32F09E311A48F4FA000B8797 /* Munro.ttf in Resources */ = {isa = PBXBuildFile; fileRef = 32F09E301A48EFBC000B8797 /* Munro.ttf */; };
		32F1CDC61A575A2F00A0D9F5 /* LWFInventory.m in Sources */ = {isa = PBXBuildFile; fileRef = 32F1CDC51A575A2F00A0D9F5 /* LWFInventory.m */; };
		32F1CDCA1A575C6600A0D9F5 /* LWFItem.m in Sources */ = {isa = PBXBuildFile; fileRef = 32F1CDC91A575C6600A0D9F5 /* LWFItem.m */; };
		32F1CDCC1A57603800A0D9F5 /* wall.png in Resources */ = {isa = PBXBuildFile; fileRef = 32F1CDCB1A57603800A0D9F5 /* wall.png */; };
		32F831341A96A96B007174F1 /* LWFAttackQueue.m in Sources */ = {isa = PBXBuildFile; fileRef = 32F831331A96A96B007174F1 /* LWFAttackQueue.m */; };
		32F831371A96B458007174F1 /* LWFAttackQueueCell.m in Sources */ = {isa = PBXBuildFile; fileRef = 32F831361A96B458007174F1 /* LWFAttackQueueCell.m */; };
		32FB7DAD1AA0004B00AA4C7F /* bg.png in Resources */ = {isa = PBXBuildFile; fileRef = 32FB7DA01AA0004B00AA4C7F /* bg.png */; };
		32FB7DAE1AA0004B00AA4C7F /* bg@2x.png in Resources */ = {isa = PBXBuildFile; fileRef = 32FB7DA11AA0004B00AA4C7F /* bg@2x.png */; };
		32FB7DAF1AA0004B00AA4C7F /* bg@3x.png in Resources */ = {isa = PBXBuildFile; fileRef = 32FB7DA21AA0004B00AA4C7F /* bg@3x.png */; };
		32FB7DB01AA0004B00AA4C7F /* hero_portrait.png in Resources */ = {isa = PBXBuildFile; fileRef = 32FB7DA31AA0004B00AA4C7F /* hero_portrait.png */; };
		32FB7DB11AA0004B00AA4C7F /* hero_portrait@2x.png in Resources */ = {isa = PBXBuildFile; fileRef = 32FB7DA41AA0004B00AA4C7F /* hero_portrait@2x.png */; };
		32FB7DB21AA0004B00AA4C7F /* hero_portrait@3x.png in Resources */ = {isa = PBXBuildFile; fileRef = 32FB7DA51AA0004B00AA4C7F /* hero_portrait@3x.png */; };
		32FB7DB31AA0004B00AA4C7F /* inventory.png in Resources */ = {isa = PBXBuildFile; fileRef = 32FB7DA61AA0004B00AA4C7F /* inventory.png */; };
		32FB7DB41AA0004B00AA4C7F /* thumb.png in Resources */ = {isa = PBXBuildFile; fileRef = 32FB7DA71AA0004B00AA4C7F /* thumb.png */; };
		32FB7DB51AA0004B00AA4C7F /* thumb@2x.png in Resources */ = {isa = PBXBuildFile; fileRef = 32FB7DA81AA0004B00AA4C7F /* thumb@2x.png */; };
		32FB7DB61AA0004B00AA4C7F /* thumb@3x.png in Resources */ = {isa = PBXBuildFile; fileRef = 32FB7DA91AA0004B00AA4C7F /* thumb@3x.png */; };
		32FB7DB71AA0004B00AA4C7F /* thumb_money.png in Resources */ = {isa = PBXBuildFile; fileRef = 32FB7DAA1AA0004B00AA4C7F /* thumb_money.png */; };
		32FB7DB81AA0004B00AA4C7F /* thumb_money@2x.png in Resources */ = {isa = PBXBuildFile; fileRef = 32FB7DAB1AA0004B00AA4C7F /* thumb_money@2x.png */; };
		32FB7DB91AA0004B00AA4C7F /* thumb_money@3x.png in Resources */ = {isa = PBXBuildFile; fileRef = 32FB7DAC1AA0004B00AA4C7F /* thumb_money@3x.png */; };
		32FFE83E1A2C0BDD003D02A4 /* LWFAttack.m in Sources */ = {isa = PBXBuildFile; fileRef = 32FFE83D1A2C0BDD003D02A4 /* LWFAttack.m */; };
		32FFE8411A2C0BF0003D02A4 /* LWFMelee.m in Sources */ = {isa = PBXBuildFile; fileRef = 32FFE8401A2C0BF0003D02A4 /* LWFMelee.m */; };
		A70387591A17BC620053A9E6 /* LWFMapDimension.m in Sources */ = {isa = PBXBuildFile; fileRef = A70387581A17BC620053A9E6 /* LWFMapDimension.m */; };
		A703875C1A17BD5E0053A9E6 /* LWFTile.m in Sources */ = {isa = PBXBuildFile; fileRef = A703875B1A17BD5E0053A9E6 /* LWFTile.m */; };
		A703875F1A17BEB00053A9E6 /* LWFTileMap.m in Sources */ = {isa = PBXBuildFile; fileRef = A703875E1A17BEB00053A9E6 /* LWFTileMap.m */; };
		A78443A91A1EB2220029995D /* LWFCreature.m in Sources */ = {isa = PBXBuildFile; fileRef = A78443A81A1EB2220029995D /* LWFCreature.m */; };
		A78443AC1A1EEF7B0029995D /* LWFHumbleBeeFindPath.m in Sources */ = {isa = PBXBuildFile; fileRef = A78443AB1A1EEF7B0029995D /* LWFHumbleBeeFindPath.m */; };
		A78443B01A1EEFCC0029995D /* PathFindNode.m in Sources */ = {isa = PBXBuildFile; fileRef = A78443AF1A1EEFCC0029995D /* PathFindNode.m */; };
		A7D83B971A1D74F20054C022 /* LWFModelGrid.m in Sources */ = {isa = PBXBuildFile; fileRef = A7D83B961A1D74F20054C022 /* LWFModelGrid.m */; };
		A7D8BEDC1A190A5B005B0599 /* LWFPlayer.m in Sources */ = {isa = PBXBuildFile; fileRef = A7D8BEDB1A190A5B005B0599 /* LWFPlayer.m */; };
		A7D8BEE11A19883A005B0599 /* LWFCaveGenerator.m in Sources */ = {isa = PBXBuildFile; fileRef = A7D8BEE01A19883A005B0599 /* LWFCaveGenerator.m */; };
		A7D8BEE41A1988BC005B0599 /* LWFCaveGeneratorConstants.m in Sources */ = {isa = PBXBuildFile; fileRef = A7D8BEE31A1988BC005B0599 /* LWFCaveGeneratorConstants.m */; };
		A7D8BEE71A198C67005B0599 /* LWFCaveGeneratorCell.m in Sources */ = {isa = PBXBuildFile; fileRef = A7D8BEE61A198C67005B0599 /* LWFCaveGeneratorCell.m */; };
		A7D8BEEA1A1AB598005B0599 /* LWFRandomUtils.m in Sources */ = {isa = PBXBuildFile; fileRef = A7D8BEE91A1AB598005B0599 /* LWFRandomUtils.m */; };
		A7D8BEED1A1AB909005B0599 /* LWFRoom.m in Sources */ = {isa = PBXBuildFile; fileRef = A7D8BEEC1A1AB909005B0599 /* LWFRoom.m */; };
		A7D8BEF01A1ABAFC005B0599 /* LWFRoomBuilder.m in Sources */ = {isa = PBXBuildFile; fileRef = A7D8BEEF1A1ABAFC005B0599 /* LWFRoomBuilder.m */; };
		A7F5BB881A16EFBC005BAB63 /* Foundation.framework in Frameworks */ = {isa = PBXBuildFile; fileRef = A7F5BB871A16EFBC005BAB63 /* Foundation.framework */; };
		A7F5BB8A1A16EFBC005BAB63 /* CoreGraphics.framework in Frameworks */ = {isa = PBXBuildFile; fileRef = A7F5BB891A16EFBC005BAB63 /* CoreGraphics.framework */; };
		A7F5BB8C1A16EFBC005BAB63 /* UIKit.framework in Frameworks */ = {isa = PBXBuildFile; fileRef = A7F5BB8B1A16EFBC005BAB63 /* UIKit.framework */; };
		A7F5BB8E1A16EFBC005BAB63 /* SpriteKit.framework in Frameworks */ = {isa = PBXBuildFile; fileRef = A7F5BB8D1A16EFBC005BAB63 /* SpriteKit.framework */; };
		A7F5BB941A16EFBC005BAB63 /* InfoPlist.strings in Resources */ = {isa = PBXBuildFile; fileRef = A7F5BB921A16EFBC005BAB63 /* InfoPlist.strings */; };
		A7F5BB961A16EFBC005BAB63 /* main.m in Sources */ = {isa = PBXBuildFile; fileRef = A7F5BB951A16EFBC005BAB63 /* main.m */; };
		A7F5BB9A1A16EFBC005BAB63 /* LWFAppDelegate.m in Sources */ = {isa = PBXBuildFile; fileRef = A7F5BB991A16EFBC005BAB63 /* LWFAppDelegate.m */; };
		A7F5BB9D1A16EFBD005BAB63 /* Main.storyboard in Resources */ = {isa = PBXBuildFile; fileRef = A7F5BB9B1A16EFBD005BAB63 /* Main.storyboard */; };
		A7F5BBA01A16EFBD005BAB63 /* LWFViewController.m in Sources */ = {isa = PBXBuildFile; fileRef = A7F5BB9F1A16EFBD005BAB63 /* LWFViewController.m */; };
		A7F5BBA31A16EFBE005BAB63 /* LWFMyScene.m in Sources */ = {isa = PBXBuildFile; fileRef = A7F5BBA21A16EFBE005BAB63 /* LWFMyScene.m */; };
		A7F5BBA71A16EFBE005BAB63 /* Images.xcassets in Resources */ = {isa = PBXBuildFile; fileRef = A7F5BBA61A16EFBE005BAB63 /* Images.xcassets */; };
		A7F5BBAE1A16EFBF005BAB63 /* XCTest.framework in Frameworks */ = {isa = PBXBuildFile; fileRef = A7F5BBAD1A16EFBF005BAB63 /* XCTest.framework */; };
		A7F5BBAF1A16EFBF005BAB63 /* Foundation.framework in Frameworks */ = {isa = PBXBuildFile; fileRef = A7F5BB871A16EFBC005BAB63 /* Foundation.framework */; };
		A7F5BBB01A16EFBF005BAB63 /* UIKit.framework in Frameworks */ = {isa = PBXBuildFile; fileRef = A7F5BB8B1A16EFBC005BAB63 /* UIKit.framework */; };
		A7F5BBB81A16EFBF005BAB63 /* InfoPlist.strings in Resources */ = {isa = PBXBuildFile; fileRef = A7F5BBB61A16EFBF005BAB63 /* InfoPlist.strings */; };
		A7F5BBBA1A16EFBF005BAB63 /* Evil_CaveTests.m in Sources */ = {isa = PBXBuildFile; fileRef = A7F5BBB91A16EFBF005BAB63 /* Evil_CaveTests.m */; };
		A7F5BBD11A16F831005BAB63 /* LWFMap.m in Sources */ = {isa = PBXBuildFile; fileRef = A7F5BBD01A16F831005BAB63 /* LWFMap.m */; };
/* End PBXBuildFile section */

/* Begin PBXContainerItemProxy section */
		A7F5BBB11A16EFBF005BAB63 /* PBXContainerItemProxy */ = {
			isa = PBXContainerItemProxy;
			containerPortal = A7F5BB7C1A16EFBC005BAB63 /* Project object */;
			proxyType = 1;
			remoteGlobalIDString = A7F5BB831A16EFBC005BAB63;
			remoteInfo = "Evil Cave";
		};
/* End PBXContainerItemProxy section */

/* Begin PBXFileReference section */
		3206A3DA1A7D9B6200D08893 /* item_preview_bottom.png */ = {isa = PBXFileReference; lastKnownFileType = image.png; path = item_preview_bottom.png; sourceTree = "<group>"; };
		3206A3DC1A7D9B6200D08893 /* item_preview_top.png */ = {isa = PBXFileReference; lastKnownFileType = image.png; path = item_preview_top.png; sourceTree = "<group>"; };
		3206A3E01A7D9D7F00D08893 /* item_preview_middle.png */ = {isa = PBXFileReference; lastKnownFileType = image.png; path = item_preview_middle.png; sourceTree = "<group>"; };
		3206A3E21A7DA8A800D08893 /* next_button.png */ = {isa = PBXFileReference; lastKnownFileType = image.png; path = next_button.png; sourceTree = "<group>"; };
		3206A3E31A7DA8A800D08893 /* previous_button.png */ = {isa = PBXFileReference; lastKnownFileType = image.png; path = previous_button.png; sourceTree = "<group>"; };
		3206A3E61A7DA8B400D08893 /* get_button.png */ = {isa = PBXFileReference; lastKnownFileType = image.png; path = get_button.png; sourceTree = "<group>"; };
		3219AB491A8ECEB600FE544C /* LWFSpinningAttack.h */ = {isa = PBXFileReference; fileEncoding = 4; lastKnownFileType = sourcecode.c.h; path = LWFSpinningAttack.h; sourceTree = "<group>"; };
		3219AB4A1A8ECEB600FE544C /* LWFSpinningAttack.m */ = {isa = PBXFileReference; fileEncoding = 4; lastKnownFileType = sourcecode.c.objc; path = LWFSpinningAttack.m; sourceTree = "<group>"; };
		321A605F1A6354DF0060517E /* door_open.png */ = {isa = PBXFileReference; lastKnownFileType = image.png; path = door_open.png; sourceTree = "<group>"; };
		321A60621A635DA50060517E /* blood.atlas */ = {isa = PBXFileReference; lastKnownFileType = folder.skatlas; path = blood.atlas; sourceTree = "<group>"; };
		321DB1091A741FF6003354BB /* LWFItemPrototype.h */ = {isa = PBXFileReference; fileEncoding = 4; lastKnownFileType = sourcecode.c.h; path = LWFItemPrototype.h; sourceTree = "<group>"; };
		321DB10A1A741FF6003354BB /* LWFItemPrototype.m */ = {isa = PBXFileReference; fileEncoding = 4; lastKnownFileType = sourcecode.c.objc; path = LWFItemPrototype.m; sourceTree = "<group>"; };
		321DB10C1A742002003354BB /* LWFLootChance.h */ = {isa = PBXFileReference; fileEncoding = 4; lastKnownFileType = sourcecode.c.h; path = LWFLootChance.h; sourceTree = "<group>"; };
		321DB10D1A742002003354BB /* LWFLootChance.m */ = {isa = PBXFileReference; fileEncoding = 4; lastKnownFileType = sourcecode.c.objc; path = LWFLootChance.m; sourceTree = "<group>"; };
		321DB10F1A74201D003354BB /* LWFItemPrototypeFactory.h */ = {isa = PBXFileReference; fileEncoding = 4; lastKnownFileType = sourcecode.c.h; path = LWFItemPrototypeFactory.h; sourceTree = "<group>"; };
		321DB1101A74201D003354BB /* LWFItemPrototypeFactory.m */ = {isa = PBXFileReference; fileEncoding = 4; lastKnownFileType = sourcecode.c.objc; path = LWFItemPrototypeFactory.m; sourceTree = "<group>"; };
		321EC9A51A26A5C400F06B77 /* LWFTurnList.h */ = {isa = PBXFileReference; fileEncoding = 4; lastKnownFileType = sourcecode.c.h; path = LWFTurnList.h; sourceTree = "<group>"; };
		321EC9A61A26A5C400F06B77 /* LWFTurnList.m */ = {isa = PBXFileReference; fileEncoding = 4; lastKnownFileType = sourcecode.c.objc; path = LWFTurnList.m; sourceTree = "<group>"; };
		322765A71A7EF5C400C0D0DD /* inventory_icon.png */ = {isa = PBXFileReference; lastKnownFileType = image.png; path = inventory_icon.png; sourceTree = "<group>"; };
		322765A81A7EF5C400C0D0DD /* inventory_icon@2x.png */ = {isa = PBXFileReference; lastKnownFileType = image.png; path = "inventory_icon@2x.png"; sourceTree = "<group>"; };
		322765A91A7EF5C400C0D0DD /* inventory_icon@3x.png */ = {isa = PBXFileReference; lastKnownFileType = image.png; path = "inventory_icon@3x.png"; sourceTree = "<group>"; };
		322DB6A81A229A0C0085AC68 /* LWFCreatureBuilder.h */ = {isa = PBXFileReference; fileEncoding = 4; lastKnownFileType = sourcecode.c.h; path = LWFCreatureBuilder.h; sourceTree = "<group>"; };
		322DB6A91A229A0C0085AC68 /* LWFCreatureBuilder.m */ = {isa = PBXFileReference; fileEncoding = 4; lastKnownFileType = sourcecode.c.objc; path = LWFCreatureBuilder.m; sourceTree = "<group>"; };
		322DB6AC1A229E320085AC68 /* LWFRat.h */ = {isa = PBXFileReference; fileEncoding = 4; lastKnownFileType = sourcecode.c.h; path = LWFRat.h; sourceTree = "<group>"; };
		322DB6AD1A229E320085AC68 /* LWFRat.m */ = {isa = PBXFileReference; fileEncoding = 4; lastKnownFileType = sourcecode.c.objc; path = LWFRat.m; sourceTree = "<group>"; };
		323335F71AA52F730088C4F6 /* item_info.png */ = {isa = PBXFileReference; lastKnownFileType = image.png; path = item_info.png; sourceTree = "<group>"; };
		323335F81AA52F730088C4F6 /* item_info@2x.png */ = {isa = PBXFileReference; lastKnownFileType = image.png; path = "item_info@2x.png"; sourceTree = "<group>"; };
		323335F91AA52F730088C4F6 /* item_info@3x.png */ = {isa = PBXFileReference; lastKnownFileType = image.png; path = "item_info@3x.png"; sourceTree = "<group>"; };
		323D10921A9C0CB6000AB32D /* fog_overlay.png */ = {isa = PBXFileReference; lastKnownFileType = image.png; path = fog_overlay.png; sourceTree = "<group>"; };
		324527821A4CEC6900AFF9A7 /* warrior_attacking_right.atlas */ = {isa = PBXFileReference; lastKnownFileType = folder.skatlas; path = warrior_attacking_right.atlas; sourceTree = "<group>"; };
		324527841A4DB5E600AFF9A7 /* warrior_walking_left.atlas */ = {isa = PBXFileReference; lastKnownFileType = folder.skatlas; path = warrior_walking_left.atlas; sourceTree = "<group>"; };
		324527861A4DB5F400AFF9A7 /* warrior_standing_left.atlas */ = {isa = PBXFileReference; lastKnownFileType = folder.skatlas; path = warrior_standing_left.atlas; sourceTree = "<group>"; };
		324527881A4DB60800AFF9A7 /* warrior_standing_right.atlas */ = {isa = PBXFileReference; lastKnownFileType = folder.skatlas; path = warrior_standing_right.atlas; sourceTree = "<group>"; };
		3245278A1A4DCBFB00AFF9A7 /* warrior_attacking_left.atlas */ = {isa = PBXFileReference; lastKnownFileType = folder.skatlas; path = warrior_attacking_left.atlas; sourceTree = "<group>"; };
		3245278C1A4DCC0E00AFF9A7 /* radioactive_rat_standing_left.atlas */ = {isa = PBXFileReference; lastKnownFileType = folder.skatlas; path = radioactive_rat_standing_left.atlas; sourceTree = "<group>"; };
		3245278E1A4DCC1700AFF9A7 /* radioactive_rat_standing_right.atlas */ = {isa = PBXFileReference; lastKnownFileType = folder.skatlas; path = radioactive_rat_standing_right.atlas; sourceTree = "<group>"; };
		324527901A4DD21A00AFF9A7 /* LWFKillable.h */ = {isa = PBXFileReference; fileEncoding = 4; lastKnownFileType = sourcecode.c.h; path = LWFKillable.h; sourceTree = "<group>"; };
		324527931A4DEEF100AFF9A7 /* rat_dying_right.atlas */ = {isa = PBXFileReference; lastKnownFileType = folder.skatlas; path = rat_dying_right.atlas; sourceTree = "<group>"; };
		324527971A4DF83A00AFF9A7 /* rat_dying_left.atlas */ = {isa = PBXFileReference; lastKnownFileType = folder.skatlas; path = rat_dying_left.atlas; sourceTree = "<group>"; };
		324527991A4EEF5500AFF9A7 /* creature_lifebar.png */ = {isa = PBXFileReference; lastKnownFileType = image.png; path = creature_lifebar.png; sourceTree = "<group>"; };
		3245279B1A4EF1DB00AFF9A7 /* LWFLifeBar.h */ = {isa = PBXFileReference; fileEncoding = 4; lastKnownFileType = sourcecode.c.h; path = LWFLifeBar.h; sourceTree = "<group>"; };
		3245279C1A4EF1DB00AFF9A7 /* LWFLifeBar.m */ = {isa = PBXFileReference; fileEncoding = 4; lastKnownFileType = sourcecode.c.objc; path = LWFLifeBar.m; sourceTree = "<group>"; };
		3254E6D61A5CB49400BD7D13 /* door.png */ = {isa = PBXFileReference; lastKnownFileType = image.png; path = door.png; sourceTree = "<group>"; };
		32635D871AB5DD4D00362183 /* LWFItemComparison.h */ = {isa = PBXFileReference; fileEncoding = 4; lastKnownFileType = sourcecode.c.h; path = LWFItemComparison.h; sourceTree = "<group>"; };
		32635D881AB5DD4D00362183 /* LWFItemComparison.m */ = {isa = PBXFileReference; fileEncoding = 4; lastKnownFileType = sourcecode.c.objc; path = LWFItemComparison.m; sourceTree = "<group>"; };
		326524E91A7433F900EEA4B2 /* LWFLootable.h */ = {isa = PBXFileReference; fileEncoding = 4; lastKnownFileType = sourcecode.c.h; path = LWFLootable.h; sourceTree = "<group>"; };
		326524EA1A7448AB00EEA4B2 /* item_prototypes.json */ = {isa = PBXFileReference; fileEncoding = 4; lastKnownFileType = text.json; path = item_prototypes.json; sourceTree = "<group>"; };
		326524ED1A75406B00EEA4B2 /* item_fine_sword.png */ = {isa = PBXFileReference; lastKnownFileType = image.png; path = item_fine_sword.png; sourceTree = "<group>"; };
		326524F11A75550600EEA4B2 /* LWFLootChanceFactory.h */ = {isa = PBXFileReference; fileEncoding = 4; lastKnownFileType = sourcecode.c.h; path = LWFLootChanceFactory.h; sourceTree = "<group>"; };
		326524F21A75550600EEA4B2 /* LWFLootChanceFactory.m */ = {isa = PBXFileReference; fileEncoding = 4; lastKnownFileType = sourcecode.c.objc; path = LWFLootChanceFactory.m; sourceTree = "<group>"; };
		326524F41A75726900EEA4B2 /* loot_chances.json */ = {isa = PBXFileReference; fileEncoding = 4; lastKnownFileType = text.json; path = loot_chances.json; sourceTree = "<group>"; };
		326524F61A75ABAF00EEA4B2 /* item_sword.png */ = {isa = PBXFileReference; lastKnownFileType = image.png; path = item_sword.png; sourceTree = "<group>"; };
		32915F521A99619300A037F0 /* LWFShadowCasting.h */ = {isa = PBXFileReference; fileEncoding = 4; lastKnownFileType = sourcecode.c.h; path = LWFShadowCasting.h; sourceTree = "<group>"; };
		32915F531A99619300A037F0 /* LWFShadowCasting.m */ = {isa = PBXFileReference; fileEncoding = 4; lastKnownFileType = sourcecode.c.objc; path = LWFShadowCasting.m; sourceTree = "<group>"; };
		329369891A5058DD00ECF705 /* LWFRect.h */ = {isa = PBXFileReference; fileEncoding = 4; lastKnownFileType = sourcecode.c.h; path = LWFRect.h; sourceTree = "<group>"; };
		3293698A1A5058DD00ECF705 /* LWFRect.m */ = {isa = PBXFileReference; fileEncoding = 4; lastKnownFileType = sourcecode.c.objc; path = LWFRect.m; sourceTree = "<group>"; };
		32ACD05E1A7B062600970F69 /* item_motherfucking_sword.png */ = {isa = PBXFileReference; lastKnownFileType = image.png; path = item_motherfucking_sword.png; sourceTree = "<group>"; };
		32B5AAD81A878A1B00E6523A /* warrior_standing_left.png */ = {isa = PBXFileReference; lastKnownFileType = image.png; path = warrior_standing_left.png; sourceTree = "<group>"; };
		32B5AADE1A87F66D00E6523A /* item_gold.atlas */ = {isa = PBXFileReference; lastKnownFileType = folder.skatlas; path = item_gold.atlas; sourceTree = "<group>"; };
		32B5AAE61A87FCD900E6523A /* item_gold.png */ = {isa = PBXFileReference; lastKnownFileType = image.png; path = item_gold.png; sourceTree = "<group>"; };
		32BCDF771A50455E004A2993 /* LWFDartDungeonGenerator.h */ = {isa = PBXFileReference; fileEncoding = 4; lastKnownFileType = sourcecode.c.h; path = LWFDartDungeonGenerator.h; sourceTree = "<group>"; };
		32BCDF781A50455E004A2993 /* LWFDartDungeonGenerator.m */ = {isa = PBXFileReference; fileEncoding = 4; lastKnownFileType = sourcecode.c.objc; path = LWFDartDungeonGenerator.m; sourceTree = "<group>"; };
		32BEBFB71A42476D000C77AA /* LWFGameController.h */ = {isa = PBXFileReference; fileEncoding = 4; lastKnownFileType = sourcecode.c.h; name = LWFGameController.h; path = "Evil Cave/LWFGameController.h"; sourceTree = "<group>"; };
		32BEBFB81A42476D000C77AA /* LWFGameController.m */ = {isa = PBXFileReference; fileEncoding = 4; lastKnownFileType = sourcecode.c.objc; name = LWFGameController.m; path = "Evil Cave/LWFGameController.m"; sourceTree = "<group>"; };
		32BEBFEE1A470AAB000C77AA /* rock_tile.png */ = {isa = PBXFileReference; lastKnownFileType = image.png; path = rock_tile.png; sourceTree = "<group>"; };
		32BEBFF21A470B68000C77AA /* radioactive_rat_standing_left.png */ = {isa = PBXFileReference; lastKnownFileType = image.png; path = radioactive_rat_standing_left.png; sourceTree = "<group>"; };
		32BEBFF81A470B68000C77AA /* warrior_standing_right.png */ = {isa = PBXFileReference; lastKnownFileType = image.png; path = warrior_standing_right.png; sourceTree = "<group>"; };
		32BEC0041A470F5F000C77AA /* warrior_walking_right.atlas */ = {isa = PBXFileReference; lastKnownFileType = folder.skatlas; path = warrior_walking_right.atlas; sourceTree = "<group>"; };
		32BEC0061A470FFD000C77AA /* warrior_walking_left.atlas */ = {isa = PBXFileReference; lastKnownFileType = folder.skatlas; path = warrior_walking_left.atlas; sourceTree = "<group>"; };
		32BEC0091A4714DC000C77AA /* rat_standing_left.atlas */ = {isa = PBXFileReference; lastKnownFileType = folder.skatlas; path = rat_standing_left.atlas; sourceTree = "<group>"; };
		32BEC00A1A4714DC000C77AA /* rat_standing_left.png */ = {isa = PBXFileReference; lastKnownFileType = image.png; path = rat_standing_left.png; sourceTree = "<group>"; };
		32BEC00B1A4714DC000C77AA /* rat_standing_right.atlas */ = {isa = PBXFileReference; lastKnownFileType = folder.skatlas; path = rat_standing_right.atlas; sourceTree = "<group>"; };
		32BEC00C1A4714DC000C77AA /* rat_standing_right.png */ = {isa = PBXFileReference; lastKnownFileType = image.png; path = rat_standing_right.png; sourceTree = "<group>"; };
		32BEC0111A472DA8000C77AA /* radioactive_rat_standing_right.png */ = {isa = PBXFileReference; lastKnownFileType = image.png; path = radioactive_rat_standing_right.png; sourceTree = "<group>"; };
		32BEC0131A48A7C3000C77AA /* creature_stats.json */ = {isa = PBXFileReference; fileEncoding = 4; lastKnownFileType = text.json; path = creature_stats.json; sourceTree = "<group>"; };
		32C511F11A37A5DB00F0B955 /* LWFGeometry.h */ = {isa = PBXFileReference; fileEncoding = 4; lastKnownFileType = sourcecode.c.h; path = LWFGeometry.h; sourceTree = "<group>"; };
		32C511F21A37A5DB00F0B955 /* LWFGeometry.m */ = {isa = PBXFileReference; fileEncoding = 4; lastKnownFileType = sourcecode.c.objc; path = LWFGeometry.m; sourceTree = "<group>"; };
		32CD39D41A22CBCC000ADD95 /* LWFGoblin.h */ = {isa = PBXFileReference; fileEncoding = 4; lastKnownFileType = sourcecode.c.h; path = LWFGoblin.h; sourceTree = "<group>"; };
		32CD39D51A22CBCC000ADD95 /* LWFGoblin.m */ = {isa = PBXFileReference; fileEncoding = 4; lastKnownFileType = sourcecode.c.objc; path = LWFGoblin.m; sourceTree = "<group>"; };
		32D08C8C1AAA731900441A51 /* LWFImageViewHolder.h */ = {isa = PBXFileReference; fileEncoding = 4; lastKnownFileType = sourcecode.c.h; name = LWFImageViewHolder.h; path = "Evil Cave/Utils/LWFImageViewHolder.h"; sourceTree = "<group>"; };
		32D08C8D1AAA731900441A51 /* LWFImageViewHolder.m */ = {isa = PBXFileReference; fileEncoding = 4; lastKnownFileType = sourcecode.c.objc; name = LWFImageViewHolder.m; path = "Evil Cave/Utils/LWFImageViewHolder.m"; sourceTree = "<group>"; };
		32D0BE6E1A2D13D8000EC0E1 /* LWFAttackManager.h */ = {isa = PBXFileReference; fileEncoding = 4; lastKnownFileType = sourcecode.c.h; path = LWFAttackManager.h; sourceTree = "<group>"; };
		32D0BE6F1A2D13D8000EC0E1 /* LWFAttackManager.m */ = {isa = PBXFileReference; fileEncoding = 4; lastKnownFileType = sourcecode.c.objc; path = LWFAttackManager.m; sourceTree = "<group>"; };
		32D0BE711A2D177B000EC0E1 /* LWFAttackable.h */ = {isa = PBXFileReference; fileEncoding = 4; lastKnownFileType = sourcecode.c.h; path = LWFAttackable.h; sourceTree = "<group>"; };
		32D50BC21A3CFB60002D3098 /* LWFStats.h */ = {isa = PBXFileReference; fileEncoding = 4; lastKnownFileType = sourcecode.c.h; path = LWFStats.h; sourceTree = "<group>"; };
		32D50BC31A3CFB60002D3098 /* LWFStats.m */ = {isa = PBXFileReference; fileEncoding = 4; lastKnownFileType = sourcecode.c.objc; path = LWFStats.m; sourceTree = "<group>"; };
		32D50BC51A3D018D002D3098 /* LWFAttacksBuilder.h */ = {isa = PBXFileReference; fileEncoding = 4; lastKnownFileType = sourcecode.c.h; path = LWFAttacksBuilder.h; sourceTree = "<group>"; };
		32D50BC61A3D018D002D3098 /* LWFAttacksBuilder.m */ = {isa = PBXFileReference; fileEncoding = 4; lastKnownFileType = sourcecode.c.objc; path = LWFAttacksBuilder.m; sourceTree = "<group>"; };
		32D50BCB1A3D227C002D3098 /* LWFRadioactiveRat.h */ = {isa = PBXFileReference; fileEncoding = 4; lastKnownFileType = sourcecode.c.h; path = LWFRadioactiveRat.h; sourceTree = "<group>"; };
		32D50BCC1A3D227C002D3098 /* LWFRadioactiveRat.m */ = {isa = PBXFileReference; fileEncoding = 4; lastKnownFileType = sourcecode.c.objc; path = LWFRadioactiveRat.m; sourceTree = "<group>"; };
		32D50BD11A3DFDF3002D3098 /* LWFPointObject.h */ = {isa = PBXFileReference; fileEncoding = 4; lastKnownFileType = sourcecode.c.h; path = LWFPointObject.h; sourceTree = "<group>"; };
		32D50BD21A3DFDF3002D3098 /* LWFPointObject.m */ = {isa = PBXFileReference; fileEncoding = 4; lastKnownFileType = sourcecode.c.objc; path = LWFPointObject.m; sourceTree = "<group>"; };
		32DFD29C1AAFD7E400FB554B /* popup_bg.png */ = {isa = PBXFileReference; lastKnownFileType = image.png; path = popup_bg.png; sourceTree = "<group>"; };
		32DFD29D1AAFD7E400FB554B /* popup_bg@2x.png */ = {isa = PBXFileReference; lastKnownFileType = image.png; path = "popup_bg@2x.png"; sourceTree = "<group>"; };
		32DFD29E1AAFD7E400FB554B /* popup_bg@3x.png */ = {isa = PBXFileReference; lastKnownFileType = image.png; path = "popup_bg@3x.png"; sourceTree = "<group>"; };
		32DFD2A21AAFD7FC00FB554B /* button_green.png */ = {isa = PBXFileReference; lastKnownFileType = image.png; path = button_green.png; sourceTree = "<group>"; };
		32DFD2A31AAFD7FC00FB554B /* button_green@2x.png */ = {isa = PBXFileReference; lastKnownFileType = image.png; path = "button_green@2x.png"; sourceTree = "<group>"; };
		32DFD2A41AAFD7FC00FB554B /* button_green@3x.png */ = {isa = PBXFileReference; lastKnownFileType = image.png; path = "button_green@3x.png"; sourceTree = "<group>"; };
		32DFD2A51AAFD7FC00FB554B /* button_red.png */ = {isa = PBXFileReference; lastKnownFileType = image.png; path = button_red.png; sourceTree = "<group>"; };
		32DFD2A61AAFD7FC00FB554B /* button_red@2x.png */ = {isa = PBXFileReference; lastKnownFileType = image.png; path = "button_red@2x.png"; sourceTree = "<group>"; };
		32DFD2A71AAFD7FC00FB554B /* button_red@3x.png */ = {isa = PBXFileReference; lastKnownFileType = image.png; path = "button_red@3x.png"; sourceTree = "<group>"; };
		32DFD2AF1AB1195200FB554B /* ItemDescription.xib */ = {isa = PBXFileReference; fileEncoding = 4; lastKnownFileType = file.xib; path = ItemDescription.xib; sourceTree = "<group>"; };
		32DFD2B11AB1196900FB554B /* LWFItemDescription.h */ = {isa = PBXFileReference; fileEncoding = 4; lastKnownFileType = sourcecode.c.h; path = LWFItemDescription.h; sourceTree = "<group>"; };
		32DFD2B21AB1196900FB554B /* LWFItemDescription.m */ = {isa = PBXFileReference; fileEncoding = 4; lastKnownFileType = sourcecode.c.objc; path = LWFItemDescription.m; sourceTree = "<group>"; };
		32EDF5981A7C5FCC0007EA36 /* QuartzCore.framework */ = {isa = PBXFileReference; lastKnownFileType = wrapper.framework; name = QuartzCore.framework; path = System/Library/Frameworks/QuartzCore.framework; sourceTree = SDKROOT; };
		32F09E271A48C947000B8797 /* LWFCombatSystem.h */ = {isa = PBXFileReference; fileEncoding = 4; lastKnownFileType = sourcecode.c.h; path = LWFCombatSystem.h; sourceTree = "<group>"; };
		32F09E281A48C947000B8797 /* LWFCombatSystem.m */ = {isa = PBXFileReference; fileEncoding = 4; lastKnownFileType = sourcecode.c.objc; path = LWFCombatSystem.m; sourceTree = "<group>"; };
		32F09E2A1A48E6B4000B8797 /* LWFCombatOutput.h */ = {isa = PBXFileReference; fileEncoding = 4; lastKnownFileType = sourcecode.c.h; path = LWFCombatOutput.h; sourceTree = "<group>"; };
		32F09E2B1A48E6B4000B8797 /* LWFCombatOutput.m */ = {isa = PBXFileReference; fileEncoding = 4; lastKnownFileType = sourcecode.c.objc; path = LWFCombatOutput.m; sourceTree = "<group>"; };
		32F09E2D1A48EBB1000B8797 /* LWFEquips.h */ = {isa = PBXFileReference; fileEncoding = 4; lastKnownFileType = sourcecode.c.h; path = LWFEquips.h; sourceTree = "<group>"; };
		32F09E2E1A48EBB1000B8797 /* LWFEquips.m */ = {isa = PBXFileReference; fileEncoding = 4; lastKnownFileType = sourcecode.c.objc; path = LWFEquips.m; sourceTree = "<group>"; };
		32F09E301A48EFBC000B8797 /* Munro.ttf */ = {isa = PBXFileReference; lastKnownFileType = file; path = Munro.ttf; sourceTree = "<group>"; };
		32F1CDC41A575A2F00A0D9F5 /* LWFInventory.h */ = {isa = PBXFileReference; fileEncoding = 4; lastKnownFileType = sourcecode.c.h; path = LWFInventory.h; sourceTree = "<group>"; };
		32F1CDC51A575A2F00A0D9F5 /* LWFInventory.m */ = {isa = PBXFileReference; fileEncoding = 4; lastKnownFileType = sourcecode.c.objc; path = LWFInventory.m; sourceTree = "<group>"; };
		32F1CDC81A575C6600A0D9F5 /* LWFItem.h */ = {isa = PBXFileReference; fileEncoding = 4; lastKnownFileType = sourcecode.c.h; path = LWFItem.h; sourceTree = "<group>"; };
		32F1CDC91A575C6600A0D9F5 /* LWFItem.m */ = {isa = PBXFileReference; fileEncoding = 4; lastKnownFileType = sourcecode.c.objc; path = LWFItem.m; sourceTree = "<group>"; };
		32F1CDCB1A57603800A0D9F5 /* wall.png */ = {isa = PBXFileReference; lastKnownFileType = image.png; path = wall.png; sourceTree = "<group>"; };
		32F831321A96A96B007174F1 /* LWFAttackQueue.h */ = {isa = PBXFileReference; fileEncoding = 4; lastKnownFileType = sourcecode.c.h; path = LWFAttackQueue.h; sourceTree = "<group>"; };
		32F831331A96A96B007174F1 /* LWFAttackQueue.m */ = {isa = PBXFileReference; fileEncoding = 4; lastKnownFileType = sourcecode.c.objc; path = LWFAttackQueue.m; sourceTree = "<group>"; };
		32F831351A96B458007174F1 /* LWFAttackQueueCell.h */ = {isa = PBXFileReference; fileEncoding = 4; lastKnownFileType = sourcecode.c.h; path = LWFAttackQueueCell.h; sourceTree = "<group>"; };
		32F831361A96B458007174F1 /* LWFAttackQueueCell.m */ = {isa = PBXFileReference; fileEncoding = 4; lastKnownFileType = sourcecode.c.objc; path = LWFAttackQueueCell.m; sourceTree = "<group>"; };
		32FB7DA01AA0004B00AA4C7F /* bg.png */ = {isa = PBXFileReference; lastKnownFileType = image.png; path = bg.png; sourceTree = "<group>"; };
		32FB7DA11AA0004B00AA4C7F /* bg@2x.png */ = {isa = PBXFileReference; lastKnownFileType = image.png; path = "bg@2x.png"; sourceTree = "<group>"; };
		32FB7DA21AA0004B00AA4C7F /* bg@3x.png */ = {isa = PBXFileReference; lastKnownFileType = image.png; path = "bg@3x.png"; sourceTree = "<group>"; };
		32FB7DA31AA0004B00AA4C7F /* hero_portrait.png */ = {isa = PBXFileReference; lastKnownFileType = image.png; path = hero_portrait.png; sourceTree = "<group>"; };
		32FB7DA41AA0004B00AA4C7F /* hero_portrait@2x.png */ = {isa = PBXFileReference; lastKnownFileType = image.png; path = "hero_portrait@2x.png"; sourceTree = "<group>"; };
		32FB7DA51AA0004B00AA4C7F /* hero_portrait@3x.png */ = {isa = PBXFileReference; lastKnownFileType = image.png; path = "hero_portrait@3x.png"; sourceTree = "<group>"; };
		32FB7DA61AA0004B00AA4C7F /* inventory.png */ = {isa = PBXFileReference; lastKnownFileType = image.png; path = inventory.png; sourceTree = "<group>"; };
		32FB7DA71AA0004B00AA4C7F /* thumb.png */ = {isa = PBXFileReference; lastKnownFileType = image.png; path = thumb.png; sourceTree = "<group>"; };
		32FB7DA81AA0004B00AA4C7F /* thumb@2x.png */ = {isa = PBXFileReference; lastKnownFileType = image.png; path = "thumb@2x.png"; sourceTree = "<group>"; };
		32FB7DA91AA0004B00AA4C7F /* thumb@3x.png */ = {isa = PBXFileReference; lastKnownFileType = image.png; path = "thumb@3x.png"; sourceTree = "<group>"; };
		32FB7DAA1AA0004B00AA4C7F /* thumb_money.png */ = {isa = PBXFileReference; lastKnownFileType = image.png; path = thumb_money.png; sourceTree = "<group>"; };
		32FB7DAB1AA0004B00AA4C7F /* thumb_money@2x.png */ = {isa = PBXFileReference; lastKnownFileType = image.png; path = "thumb_money@2x.png"; sourceTree = "<group>"; };
		32FB7DAC1AA0004B00AA4C7F /* thumb_money@3x.png */ = {isa = PBXFileReference; lastKnownFileType = image.png; path = "thumb_money@3x.png"; sourceTree = "<group>"; };
		32FFE83A1A2BF6E2003D02A4 /* LWFConstants.h */ = {isa = PBXFileReference; lastKnownFileType = sourcecode.c.h; path = LWFConstants.h; sourceTree = "<group>"; };
		32FFE83C1A2C0BDD003D02A4 /* LWFAttack.h */ = {isa = PBXFileReference; fileEncoding = 4; lastKnownFileType = sourcecode.c.h; path = LWFAttack.h; sourceTree = "<group>"; };
		32FFE83D1A2C0BDD003D02A4 /* LWFAttack.m */ = {isa = PBXFileReference; fileEncoding = 4; lastKnownFileType = sourcecode.c.objc; path = LWFAttack.m; sourceTree = "<group>"; };
		32FFE83F1A2C0BF0003D02A4 /* LWFMelee.h */ = {isa = PBXFileReference; fileEncoding = 4; lastKnownFileType = sourcecode.c.h; path = LWFMelee.h; sourceTree = "<group>"; };
		32FFE8401A2C0BF0003D02A4 /* LWFMelee.m */ = {isa = PBXFileReference; fileEncoding = 4; lastKnownFileType = sourcecode.c.objc; path = LWFMelee.m; sourceTree = "<group>"; };
		A70387571A17BC620053A9E6 /* LWFMapDimension.h */ = {isa = PBXFileReference; fileEncoding = 4; lastKnownFileType = sourcecode.c.h; path = LWFMapDimension.h; sourceTree = "<group>"; };
		A70387581A17BC620053A9E6 /* LWFMapDimension.m */ = {isa = PBXFileReference; fileEncoding = 4; lastKnownFileType = sourcecode.c.objc; path = LWFMapDimension.m; sourceTree = "<group>"; };
		A703875A1A17BD5E0053A9E6 /* LWFTile.h */ = {isa = PBXFileReference; fileEncoding = 4; lastKnownFileType = sourcecode.c.h; path = LWFTile.h; sourceTree = "<group>"; };
		A703875B1A17BD5E0053A9E6 /* LWFTile.m */ = {isa = PBXFileReference; fileEncoding = 4; lastKnownFileType = sourcecode.c.objc; path = LWFTile.m; sourceTree = "<group>"; };
		A703875D1A17BEB00053A9E6 /* LWFTileMap.h */ = {isa = PBXFileReference; fileEncoding = 4; lastKnownFileType = sourcecode.c.h; path = LWFTileMap.h; sourceTree = "<group>"; };
		A703875E1A17BEB00053A9E6 /* LWFTileMap.m */ = {isa = PBXFileReference; fileEncoding = 4; lastKnownFileType = sourcecode.c.objc; path = LWFTileMap.m; sourceTree = "<group>"; };
		A78443A71A1EB2220029995D /* LWFCreature.h */ = {isa = PBXFileReference; fileEncoding = 4; lastKnownFileType = sourcecode.c.h; name = LWFCreature.h; path = ../../Nodes/LWFCreature.h; sourceTree = "<group>"; };
		A78443A81A1EB2220029995D /* LWFCreature.m */ = {isa = PBXFileReference; fileEncoding = 4; lastKnownFileType = sourcecode.c.objc; name = LWFCreature.m; path = ../../Nodes/LWFCreature.m; sourceTree = "<group>"; };
		A78443AA1A1EEF7B0029995D /* LWFHumbleBeeFindPath.h */ = {isa = PBXFileReference; fileEncoding = 4; lastKnownFileType = sourcecode.c.h; path = LWFHumbleBeeFindPath.h; sourceTree = "<group>"; };
		A78443AB1A1EEF7B0029995D /* LWFHumbleBeeFindPath.m */ = {isa = PBXFileReference; fileEncoding = 4; lastKnownFileType = sourcecode.c.objc; path = LWFHumbleBeeFindPath.m; sourceTree = "<group>"; };
		A78443AE1A1EEFCC0029995D /* PathFindNode.h */ = {isa = PBXFileReference; fileEncoding = 4; lastKnownFileType = sourcecode.c.h; path = PathFindNode.h; sourceTree = "<group>"; };
		A78443AF1A1EEFCC0029995D /* PathFindNode.m */ = {isa = PBXFileReference; fileEncoding = 4; lastKnownFileType = sourcecode.c.objc; path = PathFindNode.m; sourceTree = "<group>"; };
		A7D83B951A1D74F20054C022 /* LWFModelGrid.h */ = {isa = PBXFileReference; fileEncoding = 4; lastKnownFileType = sourcecode.c.h; path = LWFModelGrid.h; sourceTree = "<group>"; };
		A7D83B961A1D74F20054C022 /* LWFModelGrid.m */ = {isa = PBXFileReference; fileEncoding = 4; lastKnownFileType = sourcecode.c.objc; path = LWFModelGrid.m; sourceTree = "<group>"; };
		A7D8BEDA1A190A5B005B0599 /* LWFPlayer.h */ = {isa = PBXFileReference; fileEncoding = 4; lastKnownFileType = sourcecode.c.h; name = LWFPlayer.h; path = ../../Nodes/LWFPlayer.h; sourceTree = "<group>"; };
		A7D8BEDB1A190A5B005B0599 /* LWFPlayer.m */ = {isa = PBXFileReference; fileEncoding = 4; lastKnownFileType = sourcecode.c.objc; name = LWFPlayer.m; path = ../../Nodes/LWFPlayer.m; sourceTree = "<group>"; };
		A7D8BEDF1A19883A005B0599 /* LWFCaveGenerator.h */ = {isa = PBXFileReference; fileEncoding = 4; lastKnownFileType = sourcecode.c.h; path = LWFCaveGenerator.h; sourceTree = "<group>"; };
		A7D8BEE01A19883A005B0599 /* LWFCaveGenerator.m */ = {isa = PBXFileReference; fileEncoding = 4; lastKnownFileType = sourcecode.c.objc; path = LWFCaveGenerator.m; sourceTree = "<group>"; };
		A7D8BEE21A1988BC005B0599 /* LWFCaveGeneratorConstants.h */ = {isa = PBXFileReference; fileEncoding = 4; lastKnownFileType = sourcecode.c.h; path = LWFCaveGeneratorConstants.h; sourceTree = "<group>"; };
		A7D8BEE31A1988BC005B0599 /* LWFCaveGeneratorConstants.m */ = {isa = PBXFileReference; fileEncoding = 4; lastKnownFileType = sourcecode.c.objc; path = LWFCaveGeneratorConstants.m; sourceTree = "<group>"; };
		A7D8BEE51A198C67005B0599 /* LWFCaveGeneratorCell.h */ = {isa = PBXFileReference; fileEncoding = 4; lastKnownFileType = sourcecode.c.h; path = LWFCaveGeneratorCell.h; sourceTree = "<group>"; };
		A7D8BEE61A198C67005B0599 /* LWFCaveGeneratorCell.m */ = {isa = PBXFileReference; fileEncoding = 4; lastKnownFileType = sourcecode.c.objc; path = LWFCaveGeneratorCell.m; sourceTree = "<group>"; };
		A7D8BEE81A1AB598005B0599 /* LWFRandomUtils.h */ = {isa = PBXFileReference; fileEncoding = 4; lastKnownFileType = sourcecode.c.h; path = LWFRandomUtils.h; sourceTree = "<group>"; };
		A7D8BEE91A1AB598005B0599 /* LWFRandomUtils.m */ = {isa = PBXFileReference; fileEncoding = 4; lastKnownFileType = sourcecode.c.objc; path = LWFRandomUtils.m; sourceTree = "<group>"; };
		A7D8BEEB1A1AB909005B0599 /* LWFRoom.h */ = {isa = PBXFileReference; fileEncoding = 4; lastKnownFileType = sourcecode.c.h; path = LWFRoom.h; sourceTree = "<group>"; };
		A7D8BEEC1A1AB909005B0599 /* LWFRoom.m */ = {isa = PBXFileReference; fileEncoding = 4; lastKnownFileType = sourcecode.c.objc; path = LWFRoom.m; sourceTree = "<group>"; };
		A7D8BEEE1A1ABAFC005B0599 /* LWFRoomBuilder.h */ = {isa = PBXFileReference; fileEncoding = 4; lastKnownFileType = sourcecode.c.h; path = LWFRoomBuilder.h; sourceTree = "<group>"; };
		A7D8BEEF1A1ABAFC005B0599 /* LWFRoomBuilder.m */ = {isa = PBXFileReference; fileEncoding = 4; lastKnownFileType = sourcecode.c.objc; path = LWFRoomBuilder.m; sourceTree = "<group>"; };
		A7EF149B1A1EAFDE005F13DF /* LWFMoveable.h */ = {isa = PBXFileReference; lastKnownFileType = sourcecode.c.h; name = LWFMoveable.h; path = ../LWFMoveable.h; sourceTree = "<group>"; };
		A7F5BB841A16EFBC005BAB63 /* Evil Cave.app */ = {isa = PBXFileReference; explicitFileType = wrapper.application; includeInIndex = 0; path = "Evil Cave.app"; sourceTree = BUILT_PRODUCTS_DIR; };
		A7F5BB871A16EFBC005BAB63 /* Foundation.framework */ = {isa = PBXFileReference; lastKnownFileType = wrapper.framework; name = Foundation.framework; path = System/Library/Frameworks/Foundation.framework; sourceTree = SDKROOT; };
		A7F5BB891A16EFBC005BAB63 /* CoreGraphics.framework */ = {isa = PBXFileReference; lastKnownFileType = wrapper.framework; name = CoreGraphics.framework; path = System/Library/Frameworks/CoreGraphics.framework; sourceTree = SDKROOT; };
		A7F5BB8B1A16EFBC005BAB63 /* UIKit.framework */ = {isa = PBXFileReference; lastKnownFileType = wrapper.framework; name = UIKit.framework; path = System/Library/Frameworks/UIKit.framework; sourceTree = SDKROOT; };
		A7F5BB8D1A16EFBC005BAB63 /* SpriteKit.framework */ = {isa = PBXFileReference; lastKnownFileType = wrapper.framework; name = SpriteKit.framework; path = System/Library/Frameworks/SpriteKit.framework; sourceTree = SDKROOT; };
		A7F5BB911A16EFBC005BAB63 /* Evil Cave-Info.plist */ = {isa = PBXFileReference; lastKnownFileType = text.plist.xml; path = "Evil Cave-Info.plist"; sourceTree = "<group>"; };
		A7F5BB931A16EFBC005BAB63 /* en */ = {isa = PBXFileReference; lastKnownFileType = text.plist.strings; name = en; path = en.lproj/InfoPlist.strings; sourceTree = "<group>"; };
		A7F5BB951A16EFBC005BAB63 /* main.m */ = {isa = PBXFileReference; lastKnownFileType = sourcecode.c.objc; path = main.m; sourceTree = "<group>"; };
		A7F5BB971A16EFBC005BAB63 /* Evil Cave-Prefix.pch */ = {isa = PBXFileReference; lastKnownFileType = sourcecode.c.h; path = "Evil Cave-Prefix.pch"; sourceTree = "<group>"; };
		A7F5BB981A16EFBC005BAB63 /* LWFAppDelegate.h */ = {isa = PBXFileReference; lastKnownFileType = sourcecode.c.h; path = LWFAppDelegate.h; sourceTree = "<group>"; };
		A7F5BB991A16EFBC005BAB63 /* LWFAppDelegate.m */ = {isa = PBXFileReference; lastKnownFileType = sourcecode.c.objc; path = LWFAppDelegate.m; sourceTree = "<group>"; };
		A7F5BB9C1A16EFBD005BAB63 /* Base */ = {isa = PBXFileReference; lastKnownFileType = file.storyboard; name = Base; path = Base.lproj/Main.storyboard; sourceTree = "<group>"; };
		A7F5BB9E1A16EFBD005BAB63 /* LWFViewController.h */ = {isa = PBXFileReference; lastKnownFileType = sourcecode.c.h; path = LWFViewController.h; sourceTree = "<group>"; };
		A7F5BB9F1A16EFBD005BAB63 /* LWFViewController.m */ = {isa = PBXFileReference; lastKnownFileType = sourcecode.c.objc; path = LWFViewController.m; sourceTree = "<group>"; };
		A7F5BBA11A16EFBE005BAB63 /* LWFMyScene.h */ = {isa = PBXFileReference; lastKnownFileType = sourcecode.c.h; path = LWFMyScene.h; sourceTree = "<group>"; };
		A7F5BBA21A16EFBE005BAB63 /* LWFMyScene.m */ = {isa = PBXFileReference; lastKnownFileType = sourcecode.c.objc; path = LWFMyScene.m; sourceTree = "<group>"; };
		A7F5BBA61A16EFBE005BAB63 /* Images.xcassets */ = {isa = PBXFileReference; lastKnownFileType = folder.assetcatalog; path = Images.xcassets; sourceTree = "<group>"; };
		A7F5BBAC1A16EFBF005BAB63 /* Evil CaveTests.xctest */ = {isa = PBXFileReference; explicitFileType = wrapper.cfbundle; includeInIndex = 0; path = "Evil CaveTests.xctest"; sourceTree = BUILT_PRODUCTS_DIR; };
		A7F5BBAD1A16EFBF005BAB63 /* XCTest.framework */ = {isa = PBXFileReference; lastKnownFileType = wrapper.framework; name = XCTest.framework; path = Library/Frameworks/XCTest.framework; sourceTree = DEVELOPER_DIR; };
		A7F5BBB51A16EFBF005BAB63 /* Evil CaveTests-Info.plist */ = {isa = PBXFileReference; lastKnownFileType = text.plist.xml; path = "Evil CaveTests-Info.plist"; sourceTree = "<group>"; };
		A7F5BBB71A16EFBF005BAB63 /* en */ = {isa = PBXFileReference; lastKnownFileType = text.plist.strings; name = en; path = en.lproj/InfoPlist.strings; sourceTree = "<group>"; };
		A7F5BBB91A16EFBF005BAB63 /* Evil_CaveTests.m */ = {isa = PBXFileReference; lastKnownFileType = sourcecode.c.objc; path = Evil_CaveTests.m; sourceTree = "<group>"; };
		A7F5BBCF1A16F831005BAB63 /* LWFMap.h */ = {isa = PBXFileReference; fileEncoding = 4; lastKnownFileType = sourcecode.c.h; path = LWFMap.h; sourceTree = "<group>"; };
		A7F5BBD01A16F831005BAB63 /* LWFMap.m */ = {isa = PBXFileReference; fileEncoding = 4; lastKnownFileType = sourcecode.c.objc; path = LWFMap.m; sourceTree = "<group>"; };
/* End PBXFileReference section */

/* Begin PBXFrameworksBuildPhase section */
		A7F5BB811A16EFBC005BAB63 /* Frameworks */ = {
			isa = PBXFrameworksBuildPhase;
			buildActionMask = 2147483647;
			files = (
				32C4A58F1AA7E81B00BA5087 /* QuartzCore.framework in Frameworks */,
				A7F5BB8A1A16EFBC005BAB63 /* CoreGraphics.framework in Frameworks */,
				A7F5BB8C1A16EFBC005BAB63 /* UIKit.framework in Frameworks */,
				A7F5BB8E1A16EFBC005BAB63 /* SpriteKit.framework in Frameworks */,
				A7F5BB881A16EFBC005BAB63 /* Foundation.framework in Frameworks */,
			);
			runOnlyForDeploymentPostprocessing = 0;
		};
		A7F5BBA91A16EFBF005BAB63 /* Frameworks */ = {
			isa = PBXFrameworksBuildPhase;
			buildActionMask = 2147483647;
			files = (
				A7F5BBAE1A16EFBF005BAB63 /* XCTest.framework in Frameworks */,
				A7F5BBB01A16EFBF005BAB63 /* UIKit.framework in Frameworks */,
				A7F5BBAF1A16EFBF005BAB63 /* Foundation.framework in Frameworks */,
			);
			runOnlyForDeploymentPostprocessing = 0;
		};
/* End PBXFrameworksBuildPhase section */

/* Begin PBXGroup section */
		3206A3D91A7D9B3800D08893 /* HUD */ = {
			isa = PBXGroup;
			children = (
				3206A3DA1A7D9B6200D08893 /* item_preview_bottom.png */,
				3206A3DC1A7D9B6200D08893 /* item_preview_top.png */,
				3206A3E01A7D9D7F00D08893 /* item_preview_middle.png */,
				322765A71A7EF5C400C0D0DD /* inventory_icon.png */,
				322765A81A7EF5C400C0D0DD /* inventory_icon@2x.png */,
				322765A91A7EF5C400C0D0DD /* inventory_icon@3x.png */,
				3206A3E21A7DA8A800D08893 /* next_button.png */,
				3206A3E31A7DA8A800D08893 /* previous_button.png */,
				3206A3E61A7DA8B400D08893 /* get_button.png */,
			);
			path = HUD;
			sourceTree = "<group>";
		};
		321A60611A635DA50060517E /* Decorations */ = {
			isa = PBXGroup;
			children = (
				323D10921A9C0CB6000AB32D /* fog_overlay.png */,
				321A60621A635DA50060517E /* blood.atlas */,
			);
			path = Decorations;
			sourceTree = "<group>";
		};
		322DB6AB1A229B6D0085AC68 /* Creatures */ = {
			isa = PBXGroup;
			children = (
				A78443A71A1EB2220029995D /* LWFCreature.h */,
				A78443A81A1EB2220029995D /* LWFCreature.m */,
				32F09E2D1A48EBB1000B8797 /* LWFEquips.h */,
				32F09E2E1A48EBB1000B8797 /* LWFEquips.m */,
				A7EF149B1A1EAFDE005F13DF /* LWFMoveable.h */,
				32D0BE711A2D177B000EC0E1 /* LWFAttackable.h */,
				A7D8BEDA1A190A5B005B0599 /* LWFPlayer.h */,
				A7D8BEDB1A190A5B005B0599 /* LWFPlayer.m */,
				322DB6AC1A229E320085AC68 /* LWFRat.h */,
				322DB6AD1A229E320085AC68 /* LWFRat.m */,
				32CD39D41A22CBCC000ADD95 /* LWFGoblin.h */,
				32CD39D51A22CBCC000ADD95 /* LWFGoblin.m */,
				32D50BC21A3CFB60002D3098 /* LWFStats.h */,
				32D50BC31A3CFB60002D3098 /* LWFStats.m */,
				32D50BC51A3D018D002D3098 /* LWFAttacksBuilder.h */,
				32D50BC61A3D018D002D3098 /* LWFAttacksBuilder.m */,
				32D50BCB1A3D227C002D3098 /* LWFRadioactiveRat.h */,
				32D50BCC1A3D227C002D3098 /* LWFRadioactiveRat.m */,
				324527901A4DD21A00AFF9A7 /* LWFKillable.h */,
			);
			name = Creatures;
			path = ../Utils/Creatures;
			sourceTree = "<group>";
		};
		326524EC1A75405700EEA4B2 /* Items */ = {
			isa = PBXGroup;
			children = (
				32B5AAE61A87FCD900E6523A /* item_gold.png */,
				32B5AADE1A87F66D00E6523A /* item_gold.atlas */,
				32ACD05E1A7B062600970F69 /* item_motherfucking_sword.png */,
				326524F61A75ABAF00EEA4B2 /* item_sword.png */,
				326524ED1A75406B00EEA4B2 /* item_fine_sword.png */,
			);
			path = Items;
			sourceTree = "<group>";
		};
		329369881A5058C400ECF705 /* dart */ = {
			isa = PBXGroup;
			children = (
				32BCDF771A50455E004A2993 /* LWFDartDungeonGenerator.h */,
				32BCDF781A50455E004A2993 /* LWFDartDungeonGenerator.m */,
				329369891A5058DD00ECF705 /* LWFRect.h */,
				3293698A1A5058DD00ECF705 /* LWFRect.m */,
			);
			name = dart;
			sourceTree = "<group>";
		};
		32BEBFED1A470A82000C77AA /* Tiles */ = {
			isa = PBXGroup;
			children = (
				321A60611A635DA50060517E /* Decorations */,
				321A605F1A6354DF0060517E /* door_open.png */,
				3254E6D61A5CB49400BD7D13 /* door.png */,
				32F1CDCB1A57603800A0D9F5 /* wall.png */,
				32BEBFEE1A470AAB000C77AA /* rock_tile.png */,
			);
			path = Tiles;
			sourceTree = "<group>";
		};
		32BEBFF01A470B68000C77AA /* Creatures */ = {
			isa = PBXGroup;
			children = (
				32BEC0131A48A7C3000C77AA /* creature_stats.json */,
				32BEC0081A4714DC000C77AA /* Rat */,
				32BEBFF11A470B68000C77AA /* Radioactive Rat */,
				32BEBFF71A470B68000C77AA /* Warrior */,
			);
			path = Creatures;
			sourceTree = "<group>";
		};
		32BEBFF11A470B68000C77AA /* Radioactive Rat */ = {
			isa = PBXGroup;
			children = (
				3245278E1A4DCC1700AFF9A7 /* radioactive_rat_standing_right.atlas */,
				3245278C1A4DCC0E00AFF9A7 /* radioactive_rat_standing_left.atlas */,
				32BEC0111A472DA8000C77AA /* radioactive_rat_standing_right.png */,
				32BEBFF21A470B68000C77AA /* radioactive_rat_standing_left.png */,
			);
			path = "Radioactive Rat";
			sourceTree = "<group>";
		};
		32BEBFF71A470B68000C77AA /* Warrior */ = {
			isa = PBXGroup;
			children = (
				3245278A1A4DCBFB00AFF9A7 /* warrior_attacking_left.atlas */,
				324527881A4DB60800AFF9A7 /* warrior_standing_right.atlas */,
				324527861A4DB5F400AFF9A7 /* warrior_standing_left.atlas */,
				324527841A4DB5E600AFF9A7 /* warrior_walking_left.atlas */,
				324527821A4CEC6900AFF9A7 /* warrior_attacking_right.atlas */,
				32BEC0061A470FFD000C77AA /* warrior_walking_left.atlas */,
				32BEC0041A470F5F000C77AA /* warrior_walking_right.atlas */,
				32BEBFF81A470B68000C77AA /* warrior_standing_right.png */,
				32B5AAD81A878A1B00E6523A /* warrior_standing_left.png */,
			);
			path = Warrior;
			sourceTree = "<group>";
		};
		32BEC0081A4714DC000C77AA /* Rat */ = {
			isa = PBXGroup;
			children = (
				324527971A4DF83A00AFF9A7 /* rat_dying_left.atlas */,
				324527931A4DEEF100AFF9A7 /* rat_dying_right.atlas */,
				32BEC0091A4714DC000C77AA /* rat_standing_left.atlas */,
				32BEC00A1A4714DC000C77AA /* rat_standing_left.png */,
				32BEC00B1A4714DC000C77AA /* rat_standing_right.atlas */,
				32BEC00C1A4714DC000C77AA /* rat_standing_right.png */,
			);
			path = Rat;
			sourceTree = "<group>";
		};
		32C511F01A37A5BD00F0B955 /* Geometry */ = {
			isa = PBXGroup;
			children = (
				32C511F11A37A5DB00F0B955 /* LWFGeometry.h */,
				32C511F21A37A5DB00F0B955 /* LWFGeometry.m */,
			);
			path = Geometry;
			sourceTree = "<group>";
		};
		32D50BC81A3D1FE9002D3098 /* Assets */ = {
			isa = PBXGroup;
			children = (
				32FB7D9F1AA0004B00AA4C7F /* Inventory */,
				3206A3D91A7D9B3800D08893 /* HUD */,
				326524EC1A75405700EEA4B2 /* Items */,
				324527991A4EEF5500AFF9A7 /* creature_lifebar.png */,
				32F09E301A48EFBC000B8797 /* Munro.ttf */,
				32BEBFF01A470B68000C77AA /* Creatures */,
				32BEBFED1A470A82000C77AA /* Tiles */,
			);
			path = Assets;
			sourceTree = "<group>";
		};
		32DFD2AE1AB1193D00FB554B /* Views */ = {
			isa = PBXGroup;
			children = (
				32DFD2AF1AB1195200FB554B /* ItemDescription.xib */,
				32DFD2B11AB1196900FB554B /* LWFItemDescription.h */,
				32DFD2B21AB1196900FB554B /* LWFItemDescription.m */,
			);
			name = Views;
			sourceTree = "<group>";
		};
		32F1CDC71A575BCB00A0D9F5 /* Items */ = {
			isa = PBXGroup;
			children = (
				32F1CDC81A575C6600A0D9F5 /* LWFItem.h */,
				32F1CDC91A575C6600A0D9F5 /* LWFItem.m */,
				321DB1091A741FF6003354BB /* LWFItemPrototype.h */,
				321DB10A1A741FF6003354BB /* LWFItemPrototype.m */,
				321DB10C1A742002003354BB /* LWFLootChance.h */,
				326524F41A75726900EEA4B2 /* loot_chances.json */,
				321DB10D1A742002003354BB /* LWFLootChance.m */,
				321DB10F1A74201D003354BB /* LWFItemPrototypeFactory.h */,
				321DB1101A74201D003354BB /* LWFItemPrototypeFactory.m */,
				326524E91A7433F900EEA4B2 /* LWFLootable.h */,
				326524EA1A7448AB00EEA4B2 /* item_prototypes.json */,
				326524F11A75550600EEA4B2 /* LWFLootChanceFactory.h */,
				326524F21A75550600EEA4B2 /* LWFLootChanceFactory.m */,
			);
			path = Items;
			sourceTree = "<group>";
		};
		32FB7D9F1AA0004B00AA4C7F /* Inventory */ = {
			isa = PBXGroup;
			children = (
				323335F71AA52F730088C4F6 /* item_info.png */,
				323335F81AA52F730088C4F6 /* item_info@2x.png */,
				32DFD2A21AAFD7FC00FB554B /* button_green.png */,
				32DFD2A31AAFD7FC00FB554B /* button_green@2x.png */,
				32DFD2A41AAFD7FC00FB554B /* button_green@3x.png */,
				32DFD2A51AAFD7FC00FB554B /* button_red.png */,
				32DFD2A61AAFD7FC00FB554B /* button_red@2x.png */,
				32DFD2A71AAFD7FC00FB554B /* button_red@3x.png */,
				323335F91AA52F730088C4F6 /* item_info@3x.png */,
				32FB7DA01AA0004B00AA4C7F /* bg.png */,
				32FB7DA11AA0004B00AA4C7F /* bg@2x.png */,
				32DFD29C1AAFD7E400FB554B /* popup_bg.png */,
				32DFD29D1AAFD7E400FB554B /* popup_bg@2x.png */,
				32DFD29E1AAFD7E400FB554B /* popup_bg@3x.png */,
				32FB7DA21AA0004B00AA4C7F /* bg@3x.png */,
				32FB7DA31AA0004B00AA4C7F /* hero_portrait.png */,
				32FB7DA41AA0004B00AA4C7F /* hero_portrait@2x.png */,
				32FB7DA51AA0004B00AA4C7F /* hero_portrait@3x.png */,
				32FB7DA61AA0004B00AA4C7F /* inventory.png */,
				32FB7DA71AA0004B00AA4C7F /* thumb.png */,
				32FB7DA81AA0004B00AA4C7F /* thumb@2x.png */,
				32FB7DA91AA0004B00AA4C7F /* thumb@3x.png */,
				32FB7DAA1AA0004B00AA4C7F /* thumb_money.png */,
				32FB7DAB1AA0004B00AA4C7F /* thumb_money@2x.png */,
				32FB7DAC1AA0004B00AA4C7F /* thumb_money@3x.png */,
			);
			path = Inventory;
			sourceTree = "<group>";
		};
		32FFE83B1A2C0BCE003D02A4 /* Attacks */ = {
			isa = PBXGroup;
			children = (
				32FFE83C1A2C0BDD003D02A4 /* LWFAttack.h */,
				32FFE83D1A2C0BDD003D02A4 /* LWFAttack.m */,
				32FFE83F1A2C0BF0003D02A4 /* LWFMelee.h */,
				32FFE8401A2C0BF0003D02A4 /* LWFMelee.m */,
				3219AB491A8ECEB600FE544C /* LWFSpinningAttack.h */,
				3219AB4A1A8ECEB600FE544C /* LWFSpinningAttack.m */,
			);
			path = Attacks;
			sourceTree = "<group>";
		};
		A70387561A17BC480053A9E6 /* Utils */ = {
			isa = PBXGroup;
			children = (
				32F09E2A1A48E6B4000B8797 /* LWFCombatOutput.h */,
				32F09E2B1A48E6B4000B8797 /* LWFCombatOutput.m */,
				A70387571A17BC620053A9E6 /* LWFMapDimension.h */,
				A70387581A17BC620053A9E6 /* LWFMapDimension.m */,
				A703875D1A17BEB00053A9E6 /* LWFTileMap.h */,
				A703875E1A17BEB00053A9E6 /* LWFTileMap.m */,
				A7D8BEE81A1AB598005B0599 /* LWFRandomUtils.h */,
				A7D8BEE91A1AB598005B0599 /* LWFRandomUtils.m */,
				321EC9A51A26A5C400F06B77 /* LWFTurnList.h */,
				321EC9A61A26A5C400F06B77 /* LWFTurnList.m */,
				32FFE83A1A2BF6E2003D02A4 /* LWFConstants.h */,
				32D0BE6E1A2D13D8000EC0E1 /* LWFAttackManager.h */,
				32D0BE6F1A2D13D8000EC0E1 /* LWFAttackManager.m */,
				32D50BD11A3DFDF3002D3098 /* LWFPointObject.h */,
				32D50BD21A3DFDF3002D3098 /* LWFPointObject.m */,
				32F09E271A48C947000B8797 /* LWFCombatSystem.h */,
				32F09E281A48C947000B8797 /* LWFCombatSystem.m */,
				32F1CDC41A575A2F00A0D9F5 /* LWFInventory.h */,
				32F1CDC51A575A2F00A0D9F5 /* LWFInventory.m */,
				32F831321A96A96B007174F1 /* LWFAttackQueue.h */,
				32F831331A96A96B007174F1 /* LWFAttackQueue.m */,
				32F831351A96B458007174F1 /* LWFAttackQueueCell.h */,
				32F831361A96B458007174F1 /* LWFAttackQueueCell.m */,
			);
			path = Utils;
			sourceTree = "<group>";
		};
		A78443AD1A1EEFAA0029995D /* humblebee */ = {
			isa = PBXGroup;
			children = (
				A78443AA1A1EEF7B0029995D /* LWFHumbleBeeFindPath.h */,
				A78443AB1A1EEF7B0029995D /* LWFHumbleBeeFindPath.m */,
				A78443AE1A1EEFCC0029995D /* PathFindNode.h */,
				A78443AF1A1EEFCC0029995D /* PathFindNode.m */,
			);
			name = humblebee;
			sourceTree = "<group>";
		};
		A7D83B8B1A1D73640054C022 /* Algorithms */ = {
			isa = PBXGroup;
			children = (
				A78443AD1A1EEFAA0029995D /* humblebee */,
				32915F521A99619300A037F0 /* LWFShadowCasting.h */,
				32915F531A99619300A037F0 /* LWFShadowCasting.m */,
			);
			path = Algorithms;
			sourceTree = "<group>";
		};
		A7D8BEDE1A198820005B0599 /* Generators */ = {
			isa = PBXGroup;
			children = (
				329369881A5058C400ECF705 /* dart */,
				A7D8BEDF1A19883A005B0599 /* LWFCaveGenerator.h */,
				A7D8BEE01A19883A005B0599 /* LWFCaveGenerator.m */,
				A7D8BEE21A1988BC005B0599 /* LWFCaveGeneratorConstants.h */,
				A7D8BEE31A1988BC005B0599 /* LWFCaveGeneratorConstants.m */,
				A7D8BEE51A198C67005B0599 /* LWFCaveGeneratorCell.h */,
				A7D8BEE61A198C67005B0599 /* LWFCaveGeneratorCell.m */,
				A7D8BEEB1A1AB909005B0599 /* LWFRoom.h */,
				A7D8BEEC1A1AB909005B0599 /* LWFRoom.m */,
				A7D8BEEE1A1ABAFC005B0599 /* LWFRoomBuilder.h */,
				A7D8BEEF1A1ABAFC005B0599 /* LWFRoomBuilder.m */,
				A7D83B951A1D74F20054C022 /* LWFModelGrid.h */,
				A7D83B961A1D74F20054C022 /* LWFModelGrid.m */,
				322DB6A81A229A0C0085AC68 /* LWFCreatureBuilder.h */,
				322DB6A91A229A0C0085AC68 /* LWFCreatureBuilder.m */,
			);
			path = Generators;
			sourceTree = "<group>";
		};
		A7F5BB7B1A16EFBC005BAB63 = {
			isa = PBXGroup;
			children = (
				32635D871AB5DD4D00362183 /* LWFItemComparison.h */,
				32635D881AB5DD4D00362183 /* LWFItemComparison.m */,
				32D08C8C1AAA731900441A51 /* LWFImageViewHolder.h */,
				32D08C8D1AAA731900441A51 /* LWFImageViewHolder.m */,
				32BEBFB71A42476D000C77AA /* LWFGameController.h */,
				32BEBFB81A42476D000C77AA /* LWFGameController.m */,
				A7F5BB8F1A16EFBC005BAB63 /* Evil Cave */,
				A7F5BBB31A16EFBF005BAB63 /* Evil CaveTests */,
				A7F5BB861A16EFBC005BAB63 /* Frameworks */,
				A7F5BB851A16EFBC005BAB63 /* Products */,
			);
			sourceTree = "<group>";
		};
		A7F5BB851A16EFBC005BAB63 /* Products */ = {
			isa = PBXGroup;
			children = (
				A7F5BB841A16EFBC005BAB63 /* Evil Cave.app */,
				A7F5BBAC1A16EFBF005BAB63 /* Evil CaveTests.xctest */,
			);
			name = Products;
			sourceTree = "<group>";
		};
		A7F5BB861A16EFBC005BAB63 /* Frameworks */ = {
			isa = PBXGroup;
			children = (
				32EDF5981A7C5FCC0007EA36 /* QuartzCore.framework */,
				A7F5BB871A16EFBC005BAB63 /* Foundation.framework */,
				A7F5BB891A16EFBC005BAB63 /* CoreGraphics.framework */,
				A7F5BB8B1A16EFBC005BAB63 /* UIKit.framework */,
				A7F5BB8D1A16EFBC005BAB63 /* SpriteKit.framework */,
				A7F5BBAD1A16EFBF005BAB63 /* XCTest.framework */,
			);
			name = Frameworks;
			sourceTree = "<group>";
		};
		A7F5BB8F1A16EFBC005BAB63 /* Evil Cave */ = {
			isa = PBXGroup;
			children = (
				32DFD2AE1AB1193D00FB554B /* Views */,
				32F1CDC71A575BCB00A0D9F5 /* Items */,
				32D50BC81A3D1FE9002D3098 /* Assets */,
				32C511F01A37A5BD00F0B955 /* Geometry */,
				32FFE83B1A2C0BCE003D02A4 /* Attacks */,
				A7D83B8B1A1D73640054C022 /* Algorithms */,
				A7D8BEDE1A198820005B0599 /* Generators */,
				A70387561A17BC480053A9E6 /* Utils */,
				A7F5BBCE1A16F831005BAB63 /* Nodes */,
				A7F5BB981A16EFBC005BAB63 /* LWFAppDelegate.h */,
				A7F5BB991A16EFBC005BAB63 /* LWFAppDelegate.m */,
				A7F5BB9B1A16EFBD005BAB63 /* Main.storyboard */,
				A7F5BB9E1A16EFBD005BAB63 /* LWFViewController.h */,
				A7F5BB9F1A16EFBD005BAB63 /* LWFViewController.m */,
				A7F5BBA11A16EFBE005BAB63 /* LWFMyScene.h */,
				A7F5BBA21A16EFBE005BAB63 /* LWFMyScene.m */,
				A7F5BBA61A16EFBE005BAB63 /* Images.xcassets */,
				A7F5BB901A16EFBC005BAB63 /* Supporting Files */,
			);
			path = "Evil Cave";
			sourceTree = "<group>";
		};
		A7F5BB901A16EFBC005BAB63 /* Supporting Files */ = {
			isa = PBXGroup;
			children = (
				A7F5BB911A16EFBC005BAB63 /* Evil Cave-Info.plist */,
				A7F5BB921A16EFBC005BAB63 /* InfoPlist.strings */,
				A7F5BB951A16EFBC005BAB63 /* main.m */,
				A7F5BB971A16EFBC005BAB63 /* Evil Cave-Prefix.pch */,
			);
			name = "Supporting Files";
			sourceTree = "<group>";
		};
		A7F5BBB31A16EFBF005BAB63 /* Evil CaveTests */ = {
			isa = PBXGroup;
			children = (
				A7F5BBB91A16EFBF005BAB63 /* Evil_CaveTests.m */,
				A7F5BBB41A16EFBF005BAB63 /* Supporting Files */,
			);
			path = "Evil CaveTests";
			sourceTree = "<group>";
		};
		A7F5BBB41A16EFBF005BAB63 /* Supporting Files */ = {
			isa = PBXGroup;
			children = (
				A7F5BBB51A16EFBF005BAB63 /* Evil CaveTests-Info.plist */,
				A7F5BBB61A16EFBF005BAB63 /* InfoPlist.strings */,
			);
			name = "Supporting Files";
			sourceTree = "<group>";
		};
		A7F5BBCE1A16F831005BAB63 /* Nodes */ = {
			isa = PBXGroup;
			children = (
				322DB6AB1A229B6D0085AC68 /* Creatures */,
				A7F5BBCF1A16F831005BAB63 /* LWFMap.h */,
				A7F5BBD01A16F831005BAB63 /* LWFMap.m */,
				A703875A1A17BD5E0053A9E6 /* LWFTile.h */,
				A703875B1A17BD5E0053A9E6 /* LWFTile.m */,
				3245279B1A4EF1DB00AFF9A7 /* LWFLifeBar.h */,
				3245279C1A4EF1DB00AFF9A7 /* LWFLifeBar.m */,
			);
			path = Nodes;
			sourceTree = "<group>";
		};
/* End PBXGroup section */

/* Begin PBXNativeTarget section */
		A7F5BB831A16EFBC005BAB63 /* Evil Cave */ = {
			isa = PBXNativeTarget;
			buildConfigurationList = A7F5BBBD1A16EFBF005BAB63 /* Build configuration list for PBXNativeTarget "Evil Cave" */;
			buildPhases = (
				A7F5BB801A16EFBC005BAB63 /* Sources */,
				A7F5BB811A16EFBC005BAB63 /* Frameworks */,
				A7F5BB821A16EFBC005BAB63 /* Resources */,
			);
			buildRules = (
			);
			dependencies = (
			);
			name = "Evil Cave";
			productName = "Evil Cave";
			productReference = A7F5BB841A16EFBC005BAB63 /* Evil Cave.app */;
			productType = "com.apple.product-type.application";
		};
		A7F5BBAB1A16EFBF005BAB63 /* Evil CaveTests */ = {
			isa = PBXNativeTarget;
			buildConfigurationList = A7F5BBC01A16EFBF005BAB63 /* Build configuration list for PBXNativeTarget "Evil CaveTests" */;
			buildPhases = (
				A7F5BBA81A16EFBF005BAB63 /* Sources */,
				A7F5BBA91A16EFBF005BAB63 /* Frameworks */,
				A7F5BBAA1A16EFBF005BAB63 /* Resources */,
			);
			buildRules = (
			);
			dependencies = (
				A7F5BBB21A16EFBF005BAB63 /* PBXTargetDependency */,
			);
			name = "Evil CaveTests";
			productName = "Evil CaveTests";
			productReference = A7F5BBAC1A16EFBF005BAB63 /* Evil CaveTests.xctest */;
			productType = "com.apple.product-type.bundle.unit-test";
		};
/* End PBXNativeTarget section */

/* Begin PBXProject section */
		A7F5BB7C1A16EFBC005BAB63 /* Project object */ = {
			isa = PBXProject;
			attributes = {
				CLASSPREFIX = LWF;
				LastUpgradeCheck = 0510;
				ORGANIZATIONNAME = leonardowistuba;
				TargetAttributes = {
					A7F5BBAB1A16EFBF005BAB63 = {
						TestTargetID = A7F5BB831A16EFBC005BAB63;
					};
				};
			};
			buildConfigurationList = A7F5BB7F1A16EFBC005BAB63 /* Build configuration list for PBXProject "Evil Cave" */;
			compatibilityVersion = "Xcode 3.2";
			developmentRegion = English;
			hasScannedForEncodings = 0;
			knownRegions = (
				en,
				Base,
			);
			mainGroup = A7F5BB7B1A16EFBC005BAB63;
			productRefGroup = A7F5BB851A16EFBC005BAB63 /* Products */;
			projectDirPath = "";
			projectRoot = "";
			targets = (
				A7F5BB831A16EFBC005BAB63 /* Evil Cave */,
				A7F5BBAB1A16EFBF005BAB63 /* Evil CaveTests */,
			);
		};
/* End PBXProject section */

/* Begin PBXResourcesBuildPhase section */
		A7F5BB821A16EFBC005BAB63 /* Resources */ = {
			isa = PBXResourcesBuildPhase;
			buildActionMask = 2147483647;
			files = (
				3206A3E11A7D9D7F00D08893 /* item_preview_middle.png in Resources */,
				32FB7DB51AA0004B00AA4C7F /* thumb@2x.png in Resources */,
				32BEBFFD1A470B68000C77AA /* warrior_standing_right.png in Resources */,
				323335FC1AA52F730088C4F6 /* item_info@3x.png in Resources */,
				32FB7DAD1AA0004B00AA4C7F /* bg.png in Resources */,
				3206A3E71A7DA8B400D08893 /* get_button.png in Resources */,
				3206A3E41A7DA8A800D08893 /* next_button.png in Resources */,
				32BEBFF91A470B68000C77AA /* radioactive_rat_standing_left.png in Resources */,
				32BEC00F1A4714DC000C77AA /* rat_standing_right.atlas in Resources */,
				324527981A4DF83A00AFF9A7 /* rat_dying_left.atlas in Resources */,
				32FB7DB31AA0004B00AA4C7F /* inventory.png in Resources */,
				A7F5BB941A16EFBC005BAB63 /* InfoPlist.strings in Resources */,
				3206A3DF1A7D9B6200D08893 /* item_preview_top.png in Resources */,
				323335FA1AA52F730088C4F6 /* item_info.png in Resources */,
				326524EB1A7448AB00EEA4B2 /* item_prototypes.json in Resources */,
				3206A3DD1A7D9B6200D08893 /* item_preview_bottom.png in Resources */,
				32DFD2A91AAFD7FC00FB554B /* button_green@2x.png in Resources */,
				3245278F1A4DCC1700AFF9A7 /* radioactive_rat_standing_right.atlas in Resources */,
				3245278D1A4DCC0E00AFF9A7 /* radioactive_rat_standing_left.atlas in Resources */,
				3245278B1A4DCBFB00AFF9A7 /* warrior_attacking_left.atlas in Resources */,
				32F09E311A48F4FA000B8797 /* Munro.ttf in Resources */,
				32BEC0141A48A7C4000C77AA /* creature_stats.json in Resources */,
				32DFD2A11AAFD7E400FB554B /* popup_bg@3x.png in Resources */,
				32DFD2B01AB1195200FB554B /* ItemDescription.xib in Resources */,
				32FB7DB01AA0004B00AA4C7F /* hero_portrait.png in Resources */,
				3245279A1A4EEF5500AFF9A7 /* creature_lifebar.png in Resources */,
				32FB7DB21AA0004B00AA4C7F /* hero_portrait@3x.png in Resources */,
				32FB7DB61AA0004B00AA4C7F /* thumb@3x.png in Resources */,
				32BEC0121A472DA8000C77AA /* radioactive_rat_standing_right.png in Resources */,
				32ACD05F1A7B062600970F69 /* item_motherfucking_sword.png in Resources */,
				32DFD29F1AAFD7E400FB554B /* popup_bg.png in Resources */,
				326524EF1A75406B00EEA4B2 /* item_fine_sword.png in Resources */,
				32B5AAE71A87FCD900E6523A /* item_gold.png in Resources */,
				324527891A4DB60800AFF9A7 /* warrior_standing_right.atlas in Resources */,
				322765AB1A7EF5C400C0D0DD /* inventory_icon@2x.png in Resources */,
				32DFD2AA1AAFD7FC00FB554B /* button_green@3x.png in Resources */,
				32FB7DAF1AA0004B00AA4C7F /* bg@3x.png in Resources */,
				32BEC0051A470F5F000C77AA /* warrior_walking_right.atlas in Resources */,
				32FB7DB91AA0004B00AA4C7F /* thumb_money@3x.png in Resources */,
				323335FB1AA52F730088C4F6 /* item_info@2x.png in Resources */,
				32DFD2AB1AAFD7FC00FB554B /* button_red.png in Resources */,
				32FB7DB81AA0004B00AA4C7F /* thumb_money@2x.png in Resources */,
				32FB7DB71AA0004B00AA4C7F /* thumb_money.png in Resources */,
				321A60631A635DA50060517E /* blood.atlas in Resources */,
				324527831A4CEC6900AFF9A7 /* warrior_attacking_right.atlas in Resources */,
				A7F5BBA71A16EFBE005BAB63 /* Images.xcassets in Resources */,
				32BEC00D1A4714DC000C77AA /* rat_standing_left.atlas in Resources */,
				32BEBFEF1A470AAB000C77AA /* rock_tile.png in Resources */,
				32BEC0101A4714DC000C77AA /* rat_standing_right.png in Resources */,
				32FB7DB41AA0004B00AA4C7F /* thumb.png in Resources */,
				32DFD2AC1AAFD7FC00FB554B /* button_red@2x.png in Resources */,
				32B5AADF1A87F66D00E6523A /* item_gold.atlas in Resources */,
				322765AA1A7EF5C400C0D0DD /* inventory_icon.png in Resources */,
				3254E6D71A5CB49400BD7D13 /* door.png in Resources */,
				32DFD2AD1AAFD7FC00FB554B /* button_red@3x.png in Resources */,
				321A60601A6354DF0060517E /* door_open.png in Resources */,
				32DFD2A81AAFD7FC00FB554B /* button_green.png in Resources */,
				32BEC0071A470FFD000C77AA /* warrior_walking_left.atlas in Resources */,
				32BEC00E1A4714DC000C77AA /* rat_standing_left.png in Resources */,
				32FB7DB11AA0004B00AA4C7F /* hero_portrait@2x.png in Resources */,
				A7F5BB9D1A16EFBD005BAB63 /* Main.storyboard in Resources */,
				324527851A4DB5E600AFF9A7 /* warrior_walking_left.atlas in Resources */,
				324527871A4DB5F400AFF9A7 /* warrior_standing_left.atlas in Resources */,
				324527941A4DEEF100AFF9A7 /* rat_dying_right.atlas in Resources */,
				32DFD2A01AAFD7E400FB554B /* popup_bg@2x.png in Resources */,
				323D10931A9C0CB6000AB32D /* fog_overlay.png in Resources */,
				32B5AAD91A878A1B00E6523A /* warrior_standing_left.png in Resources */,
				32F1CDCC1A57603800A0D9F5 /* wall.png in Resources */,
				326524F51A75726900EEA4B2 /* loot_chances.json in Resources */,
				32FB7DAE1AA0004B00AA4C7F /* bg@2x.png in Resources */,
				322765AC1A7EF5C400C0D0DD /* inventory_icon@3x.png in Resources */,
				3206A3E51A7DA8A800D08893 /* previous_button.png in Resources */,
				326524F71A75ABAF00EEA4B2 /* item_sword.png in Resources */,
			);
			runOnlyForDeploymentPostprocessing = 0;
		};
		A7F5BBAA1A16EFBF005BAB63 /* Resources */ = {
			isa = PBXResourcesBuildPhase;
			buildActionMask = 2147483647;
			files = (
				A7F5BBB81A16EFBF005BAB63 /* InfoPlist.strings in Resources */,
			);
			runOnlyForDeploymentPostprocessing = 0;
		};
/* End PBXResourcesBuildPhase section */

/* Begin PBXSourcesBuildPhase section */
		A7F5BB801A16EFBC005BAB63 /* Sources */ = {
			isa = PBXSourcesBuildPhase;
			buildActionMask = 2147483647;
			files = (
				32BCDF791A50455E004A2993 /* LWFDartDungeonGenerator.m in Sources */,
				32C511F31A37A5DB00F0B955 /* LWFGeometry.m in Sources */,
				A7D8BEE71A198C67005B0599 /* LWFCaveGeneratorCell.m in Sources */,
				A7D8BEE11A19883A005B0599 /* LWFCaveGenerator.m in Sources */,
				32F1CDC61A575A2F00A0D9F5 /* LWFInventory.m in Sources */,
				32FFE8411A2C0BF0003D02A4 /* LWFMelee.m in Sources */,
				3245279D1A4EF1DB00AFF9A7 /* LWFLifeBar.m in Sources */,
				32D08C8E1AAA731900441A51 /* LWFImageViewHolder.m in Sources */,
				A7F5BBA31A16EFBE005BAB63 /* LWFMyScene.m in Sources */,
				A7D8BEDC1A190A5B005B0599 /* LWFPlayer.m in Sources */,
				A70387591A17BC620053A9E6 /* LWFMapDimension.m in Sources */,
				A7F5BB9A1A16EFBC005BAB63 /* LWFAppDelegate.m in Sources */,
				3293698B1A5058DD00ECF705 /* LWFRect.m in Sources */,
				32D50BCD1A3D227C002D3098 /* LWFRadioactiveRat.m in Sources */,
				3219AB4B1A8ECEB600FE544C /* LWFSpinningAttack.m in Sources */,
				A78443B01A1EEFCC0029995D /* PathFindNode.m in Sources */,
				A7D8BEED1A1AB909005B0599 /* LWFRoom.m in Sources */,
				32D50BC41A3CFB60002D3098 /* LWFStats.m in Sources */,
				A78443A91A1EB2220029995D /* LWFCreature.m in Sources */,
				32CD39D61A22CBCC000ADD95 /* LWFGoblin.m in Sources */,
				326524F31A75550600EEA4B2 /* LWFLootChanceFactory.m in Sources */,
				32DFD2B31AB1196900FB554B /* LWFItemDescription.m in Sources */,
				322DB6AE1A229E320085AC68 /* LWFRat.m in Sources */,
				A703875C1A17BD5E0053A9E6 /* LWFTile.m in Sources */,
				32F09E2F1A48EBB1000B8797 /* LWFEquips.m in Sources */,
				A703875F1A17BEB00053A9E6 /* LWFTileMap.m in Sources */,
				32F831371A96B458007174F1 /* LWFAttackQueueCell.m in Sources */,
				32F1CDCA1A575C6600A0D9F5 /* LWFItem.m in Sources */,
				321DB10B1A741FF6003354BB /* LWFItemPrototype.m in Sources */,
				A7F5BB961A16EFBC005BAB63 /* main.m in Sources */,
				321EC9A71A26A5C400F06B77 /* LWFTurnList.m in Sources */,
				32D50BC71A3D018D002D3098 /* LWFAttacksBuilder.m in Sources */,
				32635D891AB5DD4D00362183 /* LWFItemComparison.m in Sources */,
				321DB10E1A742002003354BB /* LWFLootChance.m in Sources */,
				32D0BE701A2D13D8000EC0E1 /* LWFAttackManager.m in Sources */,
				32F09E291A48C947000B8797 /* LWFCombatSystem.m in Sources */,
				A7D8BEF01A1ABAFC005B0599 /* LWFRoomBuilder.m in Sources */,
				32BEBFB91A42476D000C77AA /* LWFGameController.m in Sources */,
				322DB6AA1A229A0C0085AC68 /* LWFCreatureBuilder.m in Sources */,
				A7D8BEE41A1988BC005B0599 /* LWFCaveGeneratorConstants.m in Sources */,
				32915F541A99619300A037F0 /* LWFShadowCasting.m in Sources */,
				A7D83B971A1D74F20054C022 /* LWFModelGrid.m in Sources */,
				A7D8BEEA1A1AB598005B0599 /* LWFRandomUtils.m in Sources */,
				321DB1111A74201D003354BB /* LWFItemPrototypeFactory.m in Sources */,
				32FFE83E1A2C0BDD003D02A4 /* LWFAttack.m in Sources */,
				A7F5BBA01A16EFBD005BAB63 /* LWFViewController.m in Sources */,
				32F09E2C1A48E6B4000B8797 /* LWFCombatOutput.m in Sources */,
				A7F5BBD11A16F831005BAB63 /* LWFMap.m in Sources */,
				32D50BD31A3DFDF3002D3098 /* LWFPointObject.m in Sources */,
				A78443AC1A1EEF7B0029995D /* LWFHumbleBeeFindPath.m in Sources */,
				32F831341A96A96B007174F1 /* LWFAttackQueue.m in Sources */,
			);
			runOnlyForDeploymentPostprocessing = 0;
		};
		A7F5BBA81A16EFBF005BAB63 /* Sources */ = {
			isa = PBXSourcesBuildPhase;
			buildActionMask = 2147483647;
			files = (
				A7F5BBBA1A16EFBF005BAB63 /* Evil_CaveTests.m in Sources */,
			);
			runOnlyForDeploymentPostprocessing = 0;
		};
/* End PBXSourcesBuildPhase section */

/* Begin PBXTargetDependency section */
		A7F5BBB21A16EFBF005BAB63 /* PBXTargetDependency */ = {
			isa = PBXTargetDependency;
			target = A7F5BB831A16EFBC005BAB63 /* Evil Cave */;
			targetProxy = A7F5BBB11A16EFBF005BAB63 /* PBXContainerItemProxy */;
		};
/* End PBXTargetDependency section */

/* Begin PBXVariantGroup section */
		A7F5BB921A16EFBC005BAB63 /* InfoPlist.strings */ = {
			isa = PBXVariantGroup;
			children = (
				A7F5BB931A16EFBC005BAB63 /* en */,
			);
			name = InfoPlist.strings;
			sourceTree = "<group>";
		};
		A7F5BB9B1A16EFBD005BAB63 /* Main.storyboard */ = {
			isa = PBXVariantGroup;
			children = (
				A7F5BB9C1A16EFBD005BAB63 /* Base */,
			);
			name = Main.storyboard;
			sourceTree = "<group>";
		};
		A7F5BBB61A16EFBF005BAB63 /* InfoPlist.strings */ = {
			isa = PBXVariantGroup;
			children = (
				A7F5BBB71A16EFBF005BAB63 /* en */,
			);
			name = InfoPlist.strings;
			sourceTree = "<group>";
		};
/* End PBXVariantGroup section */

/* Begin XCBuildConfiguration section */
		A7F5BBBB1A16EFBF005BAB63 /* Debug */ = {
			isa = XCBuildConfiguration;
			buildSettings = {
				ALWAYS_SEARCH_USER_PATHS = NO;
				CLANG_CXX_LANGUAGE_STANDARD = "gnu++0x";
				CLANG_CXX_LIBRARY = "libc++";
				CLANG_ENABLE_MODULES = YES;
				CLANG_ENABLE_OBJC_ARC = YES;
				CLANG_WARN_BOOL_CONVERSION = YES;
				CLANG_WARN_CONSTANT_CONVERSION = YES;
				CLANG_WARN_DIRECT_OBJC_ISA_USAGE = YES_ERROR;
				CLANG_WARN_EMPTY_BODY = YES;
				CLANG_WARN_ENUM_CONVERSION = YES;
				CLANG_WARN_INT_CONVERSION = YES;
				CLANG_WARN_OBJC_ROOT_CLASS = YES_ERROR;
				CLANG_WARN__DUPLICATE_METHOD_MATCH = YES;
				"CODE_SIGN_IDENTITY[sdk=iphoneos*]" = "iPhone Developer";
				COPY_PHASE_STRIP = NO;
				GCC_C_LANGUAGE_STANDARD = gnu99;
				GCC_DYNAMIC_NO_PIC = NO;
				GCC_OPTIMIZATION_LEVEL = 0;
				GCC_PREPROCESSOR_DEFINITIONS = (
					"DEBUG=1",
					"$(inherited)",
				);
				GCC_SYMBOLS_PRIVATE_EXTERN = NO;
				GCC_WARN_64_TO_32_BIT_CONVERSION = YES;
				GCC_WARN_ABOUT_RETURN_TYPE = YES_ERROR;
				GCC_WARN_UNDECLARED_SELECTOR = YES;
				GCC_WARN_UNINITIALIZED_AUTOS = YES_AGGRESSIVE;
				GCC_WARN_UNUSED_FUNCTION = YES;
				GCC_WARN_UNUSED_VARIABLE = YES;
				IPHONEOS_DEPLOYMENT_TARGET = 7.1;
				ONLY_ACTIVE_ARCH = YES;
				SDKROOT = iphoneos;
			};
			name = Debug;
		};
		A7F5BBBC1A16EFBF005BAB63 /* Release */ = {
			isa = XCBuildConfiguration;
			buildSettings = {
				ALWAYS_SEARCH_USER_PATHS = NO;
				CLANG_CXX_LANGUAGE_STANDARD = "gnu++0x";
				CLANG_CXX_LIBRARY = "libc++";
				CLANG_ENABLE_MODULES = YES;
				CLANG_ENABLE_OBJC_ARC = YES;
				CLANG_WARN_BOOL_CONVERSION = YES;
				CLANG_WARN_CONSTANT_CONVERSION = YES;
				CLANG_WARN_DIRECT_OBJC_ISA_USAGE = YES_ERROR;
				CLANG_WARN_EMPTY_BODY = YES;
				CLANG_WARN_ENUM_CONVERSION = YES;
				CLANG_WARN_INT_CONVERSION = YES;
				CLANG_WARN_OBJC_ROOT_CLASS = YES_ERROR;
				CLANG_WARN__DUPLICATE_METHOD_MATCH = YES;
				"CODE_SIGN_IDENTITY[sdk=iphoneos*]" = "iPhone Developer";
				COPY_PHASE_STRIP = YES;
				ENABLE_NS_ASSERTIONS = NO;
				GCC_C_LANGUAGE_STANDARD = gnu99;
				GCC_WARN_64_TO_32_BIT_CONVERSION = YES;
				GCC_WARN_ABOUT_RETURN_TYPE = YES_ERROR;
				GCC_WARN_UNDECLARED_SELECTOR = YES;
				GCC_WARN_UNINITIALIZED_AUTOS = YES_AGGRESSIVE;
				GCC_WARN_UNUSED_FUNCTION = YES;
				GCC_WARN_UNUSED_VARIABLE = YES;
				IPHONEOS_DEPLOYMENT_TARGET = 7.1;
				SDKROOT = iphoneos;
				VALIDATE_PRODUCT = YES;
			};
			name = Release;
		};
		A7F5BBBE1A16EFBF005BAB63 /* Debug */ = {
			isa = XCBuildConfiguration;
			buildSettings = {
				ASSETCATALOG_COMPILER_APPICON_NAME = AppIcon;
				ASSETCATALOG_COMPILER_LAUNCHIMAGE_NAME = LaunchImage;
				GCC_PRECOMPILE_PREFIX_HEADER = YES;
				GCC_PREFIX_HEADER = "Evil Cave/Evil Cave-Prefix.pch";
				INFOPLIST_FILE = "Evil Cave/Evil Cave-Info.plist";
				PRODUCT_NAME = "$(TARGET_NAME)";
				SPRITEKIT_TEXTURE_ATLAS_OUTPUT = YES;
				WRAPPER_EXTENSION = app;
			};
			name = Debug;
		};
		A7F5BBBF1A16EFBF005BAB63 /* Release */ = {
			isa = XCBuildConfiguration;
			buildSettings = {
				ASSETCATALOG_COMPILER_APPICON_NAME = AppIcon;
				ASSETCATALOG_COMPILER_LAUNCHIMAGE_NAME = LaunchImage;
				GCC_PRECOMPILE_PREFIX_HEADER = YES;
				GCC_PREFIX_HEADER = "Evil Cave/Evil Cave-Prefix.pch";
				INFOPLIST_FILE = "Evil Cave/Evil Cave-Info.plist";
				PRODUCT_NAME = "$(TARGET_NAME)";
				SPRITEKIT_TEXTURE_ATLAS_OUTPUT = YES;
				WRAPPER_EXTENSION = app;
			};
			name = Release;
		};
		A7F5BBC11A16EFBF005BAB63 /* Debug */ = {
			isa = XCBuildConfiguration;
			buildSettings = {
				BUNDLE_LOADER = "$(BUILT_PRODUCTS_DIR)/Evil Cave.app/Evil Cave";
				FRAMEWORK_SEARCH_PATHS = (
					"$(SDKROOT)/Developer/Library/Frameworks",
					"$(inherited)",
					"$(DEVELOPER_FRAMEWORKS_DIR)",
				);
				GCC_PRECOMPILE_PREFIX_HEADER = YES;
				GCC_PREFIX_HEADER = "Evil Cave/Evil Cave-Prefix.pch";
				GCC_PREPROCESSOR_DEFINITIONS = (
					"DEBUG=1",
					"$(inherited)",
				);
				INFOPLIST_FILE = "Evil CaveTests/Evil CaveTests-Info.plist";
				PRODUCT_NAME = "$(TARGET_NAME)";
				TEST_HOST = "$(BUNDLE_LOADER)";
				WRAPPER_EXTENSION = xctest;
			};
			name = Debug;
		};
		A7F5BBC21A16EFBF005BAB63 /* Release */ = {
			isa = XCBuildConfiguration;
			buildSettings = {
				BUNDLE_LOADER = "$(BUILT_PRODUCTS_DIR)/Evil Cave.app/Evil Cave";
				FRAMEWORK_SEARCH_PATHS = (
					"$(SDKROOT)/Developer/Library/Frameworks",
					"$(inherited)",
					"$(DEVELOPER_FRAMEWORKS_DIR)",
				);
				GCC_PRECOMPILE_PREFIX_HEADER = YES;
				GCC_PREFIX_HEADER = "Evil Cave/Evil Cave-Prefix.pch";
				INFOPLIST_FILE = "Evil CaveTests/Evil CaveTests-Info.plist";
				PRODUCT_NAME = "$(TARGET_NAME)";
				TEST_HOST = "$(BUNDLE_LOADER)";
				WRAPPER_EXTENSION = xctest;
			};
			name = Release;
		};
/* End XCBuildConfiguration section */

/* Begin XCConfigurationList section */
		A7F5BB7F1A16EFBC005BAB63 /* Build configuration list for PBXProject "Evil Cave" */ = {
			isa = XCConfigurationList;
			buildConfigurations = (
				A7F5BBBB1A16EFBF005BAB63 /* Debug */,
				A7F5BBBC1A16EFBF005BAB63 /* Release */,
			);
			defaultConfigurationIsVisible = 0;
			defaultConfigurationName = Release;
		};
		A7F5BBBD1A16EFBF005BAB63 /* Build configuration list for PBXNativeTarget "Evil Cave" */ = {
			isa = XCConfigurationList;
			buildConfigurations = (
				A7F5BBBE1A16EFBF005BAB63 /* Debug */,
				A7F5BBBF1A16EFBF005BAB63 /* Release */,
			);
			defaultConfigurationIsVisible = 0;
			defaultConfigurationName = Release;
		};
		A7F5BBC01A16EFBF005BAB63 /* Build configuration list for PBXNativeTarget "Evil CaveTests" */ = {
			isa = XCConfigurationList;
			buildConfigurations = (
				A7F5BBC11A16EFBF005BAB63 /* Debug */,
				A7F5BBC21A16EFBF005BAB63 /* Release */,
			);
			defaultConfigurationIsVisible = 0;
			defaultConfigurationName = Release;
		};
/* End XCConfigurationList section */
	};
	rootObject = A7F5BB7C1A16EFBC005BAB63 /* Project object */;
}
